<?xml version="1.0"?>
<plist version="1.0">
	<dict>
		<key>archiveVersion</key>
		<string>1</string>
		<key>classes</key>
		<dict />
		<key>objectVersion</key>
		<string>46</string>
		<key>objects</key>
		<dict>
			<key>8310AD6E522ADBA976B9F785</key>
			<dict>
				<key>fileRef</key>
				<string>8A0B12FAC93C7530F66E4631</string>
				<key>isa</key>
				<string>PBXBuildFile</string>
			</dict>
			<key>8A0B12FAC93C7530F66E4631</key>
			<dict>
				<key>explicitFileType</key>
				<string>sourcecode.cpp.cpp</string>
				<key>fileEncoding</key>
				<string>30</string>
				<key>isa</key>
				<string>PBXFileReference</string>
				<key>name</key>
				<string>tinyxmlparser.cpp</string>
				<key>path</key>
				<string>../../openFrameworks/addons/ofxXmlSettings/libs/tinyxmlparser.cpp</string>
				<key>sourceTree</key>
				<string>SOURCE_ROOT</string>
			</dict>
			<key>B55EAB4BE963079B30C35A71</key>
			<dict>
				<key>fileRef</key>
				<string>D37FFF32A7AAAA78CCC14033</string>
				<key>isa</key>
				<string>PBXBuildFile</string>
			</dict>
			<key>D37FFF32A7AAAA78CCC14033</key>
			<dict>
				<key>explicitFileType</key>
				<string>sourcecode.cpp.cpp</string>
				<key>fileEncoding</key>
				<string>30</string>
				<key>isa</key>
				<string>PBXFileReference</string>
				<key>name</key>
				<string>tinyxmlerror.cpp</string>
				<key>path</key>
				<string>../../openFrameworks/addons/ofxXmlSettings/libs/tinyxmlerror.cpp</string>
				<key>sourceTree</key>
				<string>SOURCE_ROOT</string>
			</dict>
			<key>BEBBFC54787D9D60CDE7569E</key>
			<dict>
				<key>explicitFileType</key>
				<string>sourcecode.c.h</string>
				<key>fileEncoding</key>
				<string>30</string>
				<key>isa</key>
				<string>PBXFileReference</string>
				<key>name</key>
				<string>tinyxml.h</string>
				<key>path</key>
				<string>../../openFrameworks/addons/ofxXmlSettings/libs/tinyxml.h</string>
				<key>sourceTree</key>
				<string>SOURCE_ROOT</string>
			</dict>
			<key>6E54289412D2D94F45A05113</key>
			<dict>
				<key>children</key>
				<array>
					<string>D9CF7C39963EB0F30B96BD95</string>
					<string>BEBBFC54787D9D60CDE7569E</string>
					<string>D37FFF32A7AAAA78CCC14033</string>
					<string>8A0B12FAC93C7530F66E4631</string>
				</array>
				<key>isa</key>
				<string>PBXGroup</string>
				<key>name</key>
				<string>libs</string>
				<key>sourceTree</key>
				<string>&lt;group&gt;</string>
			</dict>
			<key>F09418FA2F23718DA511CD00</key>
			<dict>
				<key>fileRef</key>
				<string>D9CF7C39963EB0F30B96BD95</string>
				<key>isa</key>
				<string>PBXBuildFile</string>
			</dict>
			<key>D9CF7C39963EB0F30B96BD95</key>
			<dict>
				<key>explicitFileType</key>
				<string>sourcecode.cpp.cpp</string>
				<key>fileEncoding</key>
				<string>30</string>
				<key>isa</key>
				<string>PBXFileReference</string>
				<key>name</key>
				<string>tinyxml.cpp</string>
				<key>path</key>
				<string>../../openFrameworks/addons/ofxXmlSettings/libs/tinyxml.cpp</string>
				<key>sourceTree</key>
				<string>SOURCE_ROOT</string>
			</dict>
			<key>F87A33FEA4AEC116B967CE63</key>
			<dict>
				<key>explicitFileType</key>
				<string>sourcecode.c.h</string>
				<key>fileEncoding</key>
				<string>30</string>
				<key>isa</key>
				<string>PBXFileReference</string>
				<key>name</key>
				<string>ofxXmlSettings.h</string>
				<key>path</key>
				<string>../../openFrameworks/addons/ofxXmlSettings/src/ofxXmlSettings.h</string>
				<key>sourceTree</key>
				<string>SOURCE_ROOT</string>
			</dict>
			<key>6ECEF0D76BC33727823EADFF</key>
			<dict>
				<key>children</key>
				<array>
					<string>50D4CD30ED468C2E07DC9107</string>
					<string>F87A33FEA4AEC116B967CE63</string>
				</array>
				<key>isa</key>
				<string>PBXGroup</string>
				<key>name</key>
				<string>src</string>
				<key>sourceTree</key>
				<string>&lt;group&gt;</string>
			</dict>
			<key>1F4FB5C423662B96ADFDCC0B</key>
			<dict>
				<key>children</key>
				<array>
					<string>6ECEF0D76BC33727823EADFF</string>
					<string>6E54289412D2D94F45A05113</string>
				</array>
				<key>isa</key>
				<string>PBXGroup</string>
				<key>name</key>
				<string>ofxXmlSettings</string>
				<key>sourceTree</key>
				<string>&lt;group&gt;</string>
			</dict>
			<key>2C68D3A329673D7462B5234C</key>
			<dict>
				<key>fileRef</key>
				<string>50D4CD30ED468C2E07DC9107</string>
				<key>isa</key>
				<string>PBXBuildFile</string>
			</dict>
			<key>50D4CD30ED468C2E07DC9107</key>
			<dict>
				<key>explicitFileType</key>
				<string>sourcecode.cpp.cpp</string>
				<key>fileEncoding</key>
				<string>30</string>
				<key>isa</key>
				<string>PBXFileReference</string>
				<key>name</key>
				<string>ofxXmlSettings.cpp</string>
				<key>path</key>
				<string>../../openFrameworks/addons/ofxXmlSettings/src/ofxXmlSettings.cpp</string>
				<key>sourceTree</key>
				<string>SOURCE_ROOT</string>
			</dict>
			<key>4C9B1F810D479267B1E83637</key>
			<dict>
				<key>explicitFileType</key>
				<string>sourcecode.c.h</string>
				<key>fileEncoding</key>
				<string>30</string>
				<key>isa</key>
				<string>PBXFileReference</string>
				<key>name</key>
				<string>ofxTextInputFieldFontRenderer.h</string>
				<key>path</key>
				<string>../../openFrameworks/addons/ofxTextInputField/src/ofxTextInputFieldFontRenderer.h</string>
				<key>sourceTree</key>
				<string>SOURCE_ROOT</string>
			</dict>
			<key>4833B90554B9D845A272A995</key>
			<dict>
				<key>explicitFileType</key>
				<string>sourcecode.c.h</string>
				<key>fileEncoding</key>
				<string>30</string>
				<key>isa</key>
				<string>PBXFileReference</string>
				<key>name</key>
				<string>ofxTextInputField.h</string>
				<key>path</key>
				<string>../../openFrameworks/addons/ofxTextInputField/src/ofxTextInputField.h</string>
				<key>sourceTree</key>
				<string>SOURCE_ROOT</string>
			</dict>
			<key>A84C320C111785EEEE9DEB83</key>
			<dict>
				<key>children</key>
				<array>
					<string>E2D62B839EE01F07E8A182E2</string>
					<string>4833B90554B9D845A272A995</string>
					<string>4C9B1F810D479267B1E83637</string>
				</array>
				<key>isa</key>
				<string>PBXGroup</string>
				<key>name</key>
				<string>src</string>
				<key>sourceTree</key>
				<string>&lt;group&gt;</string>
			</dict>
			<key>AB88B4FD5D7F4ABF53230E5A</key>
			<dict>
				<key>children</key>
				<array>
					<string>A84C320C111785EEEE9DEB83</string>
				</array>
				<key>isa</key>
				<string>PBXGroup</string>
				<key>name</key>
				<string>ofxTextInputField</string>
				<key>sourceTree</key>
				<string>&lt;group&gt;</string>
			</dict>
			<key>D5EF413FDCF6D60685042DBD</key>
			<dict>
				<key>fileRef</key>
				<string>E2D62B839EE01F07E8A182E2</string>
				<key>isa</key>
				<string>PBXBuildFile</string>
			</dict>
			<key>E2D62B839EE01F07E8A182E2</key>
			<dict>
				<key>explicitFileType</key>
				<string>sourcecode.cpp.cpp</string>
				<key>fileEncoding</key>
				<string>30</string>
				<key>isa</key>
				<string>PBXFileReference</string>
				<key>name</key>
				<string>ofxTextInputField.cpp</string>
				<key>path</key>
				<string>../../openFrameworks/addons/ofxTextInputField/src/ofxTextInputField.cpp</string>
				<key>sourceTree</key>
				<string>SOURCE_ROOT</string>
			</dict>
			<key>36D7EC7EF50E326EAC88A0AD</key>
			<dict>
				<key>children</key>
				<array>
					<string>81AC32CCCB56FAABA3E1BDE0</string>
				</array>
				<key>isa</key>
				<string>PBXGroup</string>
				<key>name</key>
				<string>frameworks</string>
				<key>sourceTree</key>
				<string>&lt;group&gt;</string>
			</dict>
			<key>631702104AFC104323A9EB79</key>
			<dict>
				<key>fileRef</key>
				<string>81AC32CCCB56FAABA3E1BDE0</string>
				<key>isa</key>
				<string>PBXBuildFile</string>
			</dict>
			<key>81AC32CCCB56FAABA3E1BDE0</key>
			<dict>
				<key>lastKnownFileType</key>
				<string>wrapper.framework</string>
				<key>isa</key>
				<string>PBXFileReference</string>
				<key>name</key>
				<string>CoreMIDI.framework</string>
				<key>path</key>
				<string>/System/Library/Frameworks/CoreMIDI.framework</string>
				<key>sourceTree</key>
				<string>&lt;group&gt;</string>
			</dict>
			<key>D9A994E4E27CFFC4D7520E57</key>
			<dict>
				<key>explicitFileType</key>
				<string>sourcecode.c.h</string>
				<key>fileEncoding</key>
				<string>30</string>
				<key>isa</key>
				<string>PBXFileReference</string>
				<key>name</key>
				<string>RtMidi.h</string>
				<key>path</key>
				<string>../../openFrameworks/addons/ofxMidi/libs/rtmidi/RtMidi.h</string>
				<key>sourceTree</key>
				<string>SOURCE_ROOT</string>
			</dict>
			<key>945CEFADFB0DF400A92A507C</key>
			<dict>
				<key>children</key>
				<array>
					<string>2FB0D9F981980447C7EDCC1E</string>
					<string>D9A994E4E27CFFC4D7520E57</string>
				</array>
				<key>isa</key>
				<string>PBXGroup</string>
				<key>name</key>
				<string>rtmidi</string>
				<key>sourceTree</key>
				<string>&lt;group&gt;</string>
			</dict>
			<key>5A08CCDC8D19E7162DE57128</key>
			<dict>
				<key>children</key>
				<array>
					<string>945CEFADFB0DF400A92A507C</string>
				</array>
				<key>isa</key>
				<string>PBXGroup</string>
				<key>name</key>
				<string>libs</string>
				<key>sourceTree</key>
				<string>&lt;group&gt;</string>
			</dict>
			<key>23EE47CCA8D157EF33A955AA</key>
			<dict>
				<key>fileRef</key>
				<string>2FB0D9F981980447C7EDCC1E</string>
				<key>isa</key>
				<string>PBXBuildFile</string>
			</dict>
			<key>2FB0D9F981980447C7EDCC1E</key>
			<dict>
				<key>explicitFileType</key>
				<string>sourcecode.cpp.cpp</string>
				<key>fileEncoding</key>
				<string>30</string>
				<key>isa</key>
				<string>PBXFileReference</string>
				<key>name</key>
				<string>RtMidi.cpp</string>
				<key>path</key>
				<string>../../openFrameworks/addons/ofxMidi/libs/rtmidi/RtMidi.cpp</string>
				<key>sourceTree</key>
				<string>SOURCE_ROOT</string>
			</dict>
			<key>DDDB4EA02AF836A751CFE104</key>
			<dict>
				<key>explicitFileType</key>
				<string>sourcecode.c.h</string>
				<key>fileEncoding</key>
				<string>30</string>
				<key>isa</key>
				<string>PBXFileReference</string>
				<key>name</key>
				<string>ofxMidiTypes.h</string>
				<key>path</key>
				<string>../../openFrameworks/addons/ofxMidi/src/ofxMidiTypes.h</string>
				<key>sourceTree</key>
				<string>SOURCE_ROOT</string>
			</dict>
			<key>33B86F69F2DBB8EADF5423F3</key>
			<dict>
				<key>explicitFileType</key>
				<string>sourcecode.c.h</string>
				<key>fileEncoding</key>
				<string>30</string>
				<key>isa</key>
				<string>PBXFileReference</string>
				<key>name</key>
				<string>ofxMidiOut.h</string>
				<key>path</key>
				<string>../../openFrameworks/addons/ofxMidi/src/ofxMidiOut.h</string>
				<key>sourceTree</key>
				<string>SOURCE_ROOT</string>
			</dict>
			<key>37AAE1278531AAB62379F2BF</key>
			<dict>
				<key>fileRef</key>
				<string>9A98E2BF64FEB308C0BA4B34</string>
				<key>isa</key>
				<string>PBXBuildFile</string>
			</dict>
			<key>9A98E2BF64FEB308C0BA4B34</key>
			<dict>
				<key>explicitFileType</key>
				<string>sourcecode.cpp.cpp</string>
				<key>fileEncoding</key>
				<string>30</string>
				<key>isa</key>
				<string>PBXFileReference</string>
				<key>name</key>
				<string>ofxMidiOut.cpp</string>
				<key>path</key>
				<string>../../openFrameworks/addons/ofxMidi/src/ofxMidiOut.cpp</string>
				<key>sourceTree</key>
				<string>SOURCE_ROOT</string>
			</dict>
			<key>2B2B83774B1D1FF590A2225D</key>
			<dict>
				<key>explicitFileType</key>
				<string>sourcecode.c.h</string>
				<key>fileEncoding</key>
				<string>30</string>
				<key>isa</key>
				<string>PBXFileReference</string>
				<key>name</key>
				<string>ofxMidiMessage.h</string>
				<key>path</key>
				<string>../../openFrameworks/addons/ofxMidi/src/ofxMidiMessage.h</string>
				<key>sourceTree</key>
				<string>SOURCE_ROOT</string>
			</dict>
			<key>CDF6EA4FD22064751A8CA433</key>
			<dict>
				<key>fileRef</key>
				<string>C45AFF8BC0F10CF64BE26FB7</string>
				<key>isa</key>
				<string>PBXBuildFile</string>
			</dict>
			<key>C45AFF8BC0F10CF64BE26FB7</key>
			<dict>
				<key>explicitFileType</key>
				<string>sourcecode.cpp.cpp</string>
				<key>fileEncoding</key>
				<string>30</string>
				<key>isa</key>
				<string>PBXFileReference</string>
				<key>name</key>
				<string>ofxMidiMessage.cpp</string>
				<key>path</key>
				<string>../../openFrameworks/addons/ofxMidi/src/ofxMidiMessage.cpp</string>
				<key>sourceTree</key>
				<string>SOURCE_ROOT</string>
			</dict>
			<key>71EFBBF5819BF7318966120B</key>
			<dict>
				<key>explicitFileType</key>
				<string>sourcecode.c.h</string>
				<key>fileEncoding</key>
				<string>30</string>
				<key>isa</key>
				<string>PBXFileReference</string>
				<key>name</key>
				<string>ofxMidiIn.h</string>
				<key>path</key>
				<string>../../openFrameworks/addons/ofxMidi/src/ofxMidiIn.h</string>
				<key>sourceTree</key>
				<string>SOURCE_ROOT</string>
			</dict>
			<key>0B27600A3FD28D57E5A300A8</key>
			<dict>
				<key>fileRef</key>
				<string>8EDB7315111CFBC9A76CDA8F</string>
				<key>isa</key>
				<string>PBXBuildFile</string>
			</dict>
			<key>8EDB7315111CFBC9A76CDA8F</key>
			<dict>
				<key>explicitFileType</key>
				<string>sourcecode.cpp.cpp</string>
				<key>fileEncoding</key>
				<string>30</string>
				<key>isa</key>
				<string>PBXFileReference</string>
				<key>name</key>
				<string>ofxMidiIn.cpp</string>
				<key>path</key>
				<string>../../openFrameworks/addons/ofxMidi/src/ofxMidiIn.cpp</string>
				<key>sourceTree</key>
				<string>SOURCE_ROOT</string>
			</dict>
			<key>2D39FEB50BE3F11E9E5366C8</key>
			<dict>
				<key>explicitFileType</key>
				<string>sourcecode.c.h</string>
				<key>fileEncoding</key>
				<string>30</string>
				<key>isa</key>
				<string>PBXFileReference</string>
				<key>name</key>
				<string>ofxMidiConstants.h</string>
				<key>path</key>
				<string>../../openFrameworks/addons/ofxMidi/src/ofxMidiConstants.h</string>
				<key>sourceTree</key>
				<string>SOURCE_ROOT</string>
			</dict>
			<key>D5A738D61015149AA963CFA0</key>
			<dict>
				<key>explicitFileType</key>
				<string>sourcecode.c.h</string>
				<key>fileEncoding</key>
				<string>30</string>
				<key>isa</key>
				<string>PBXFileReference</string>
				<key>name</key>
				<string>ofxMidi.h</string>
				<key>path</key>
				<string>../../openFrameworks/addons/ofxMidi/src/ofxMidi.h</string>
				<key>sourceTree</key>
				<string>SOURCE_ROOT</string>
			</dict>
			<key>8E1D86BF400D96182FB6E6F8</key>
			<dict>
				<key>fileRef</key>
				<string>0D6651083921B5BEB4F591F7</string>
				<key>isa</key>
				<string>PBXBuildFile</string>
			</dict>
			<key>0D6651083921B5BEB4F591F7</key>
			<dict>
				<key>explicitFileType</key>
				<string>sourcecode.cpp.cpp</string>
				<key>fileEncoding</key>
				<string>30</string>
				<key>isa</key>
				<string>PBXFileReference</string>
				<key>name</key>
				<string>ofxMidi.cpp</string>
				<key>path</key>
				<string>../../openFrameworks/addons/ofxMidi/src/ofxMidi.cpp</string>
				<key>sourceTree</key>
				<string>SOURCE_ROOT</string>
			</dict>
			<key>8699D2DB88C7AB923ABC4F9F</key>
			<dict>
				<key>explicitFileType</key>
				<string>sourcecode.c.h</string>
				<key>fileEncoding</key>
				<string>30</string>
				<key>isa</key>
				<string>PBXFileReference</string>
				<key>name</key>
				<string>ofxBaseMidi.h</string>
				<key>path</key>
				<string>../../openFrameworks/addons/ofxMidi/src/ofxBaseMidi.h</string>
				<key>sourceTree</key>
				<string>SOURCE_ROOT</string>
			</dict>
			<key>FEEEE8BBF5DCD3E699478538</key>
			<dict>
				<key>fileRef</key>
				<string>BFAF4D6583DD0B270F0F2265</string>
				<key>isa</key>
				<string>PBXBuildFile</string>
			</dict>
			<key>BFAF4D6583DD0B270F0F2265</key>
			<dict>
				<key>explicitFileType</key>
				<string>sourcecode.cpp.cpp</string>
				<key>fileEncoding</key>
				<string>30</string>
				<key>isa</key>
				<string>PBXFileReference</string>
				<key>name</key>
				<string>ofxBaseMidi.cpp</string>
				<key>path</key>
				<string>../../openFrameworks/addons/ofxMidi/src/ofxBaseMidi.cpp</string>
				<key>sourceTree</key>
				<string>SOURCE_ROOT</string>
			</dict>
			<key>41CE7852EA1708EA72D7928D</key>
			<dict>
				<key>explicitFileType</key>
				<string>sourcecode.c.h</string>
				<key>fileEncoding</key>
				<string>30</string>
				<key>isa</key>
				<string>PBXFileReference</string>
				<key>name</key>
				<string>ofxRtMidiOut.h</string>
				<key>path</key>
				<string>../../openFrameworks/addons/ofxMidi/src/desktop/ofxRtMidiOut.h</string>
				<key>sourceTree</key>
				<string>SOURCE_ROOT</string>
			</dict>
			<key>45C697F3B2EFB0FA8798FDC8</key>
			<dict>
				<key>fileRef</key>
				<string>74A26B1A222F0E07067E1D39</string>
				<key>isa</key>
				<string>PBXBuildFile</string>
			</dict>
			<key>74A26B1A222F0E07067E1D39</key>
			<dict>
				<key>explicitFileType</key>
				<string>sourcecode.cpp.cpp</string>
				<key>fileEncoding</key>
				<string>30</string>
				<key>isa</key>
				<string>PBXFileReference</string>
				<key>name</key>
				<string>ofxRtMidiOut.cpp</string>
				<key>path</key>
				<string>../../openFrameworks/addons/ofxMidi/src/desktop/ofxRtMidiOut.cpp</string>
				<key>sourceTree</key>
				<string>SOURCE_ROOT</string>
			</dict>
			<key>747C7A222D086A9B122F1573</key>
			<dict>
				<key>explicitFileType</key>
				<string>sourcecode.c.h</string>
				<key>fileEncoding</key>
				<string>30</string>
				<key>isa</key>
				<string>PBXFileReference</string>
				<key>name</key>
				<string>ofxRtMidiIn.h</string>
				<key>path</key>
				<string>../../openFrameworks/addons/ofxMidi/src/desktop/ofxRtMidiIn.h</string>
				<key>sourceTree</key>
				<string>SOURCE_ROOT</string>
			</dict>
			<key>99DED6A5D3EDE030B1A80348</key>
			<dict>
				<key>children</key>
				<array>
					<string>74F0D289559054FB5833B323</string>
					<string>747C7A222D086A9B122F1573</string>
					<string>74A26B1A222F0E07067E1D39</string>
					<string>41CE7852EA1708EA72D7928D</string>
				</array>
				<key>isa</key>
				<string>PBXGroup</string>
				<key>name</key>
				<string>desktop</string>
				<key>sourceTree</key>
				<string>&lt;group&gt;</string>
			</dict>
			<key>9CBF51184BE294FD9D73043F</key>
			<dict>
				<key>children</key>
				<array>
					<string>99DED6A5D3EDE030B1A80348</string>
					<string>BFAF4D6583DD0B270F0F2265</string>
					<string>8699D2DB88C7AB923ABC4F9F</string>
					<string>0D6651083921B5BEB4F591F7</string>
					<string>D5A738D61015149AA963CFA0</string>
					<string>2D39FEB50BE3F11E9E5366C8</string>
					<string>8EDB7315111CFBC9A76CDA8F</string>
					<string>71EFBBF5819BF7318966120B</string>
					<string>C45AFF8BC0F10CF64BE26FB7</string>
					<string>2B2B83774B1D1FF590A2225D</string>
					<string>9A98E2BF64FEB308C0BA4B34</string>
					<string>33B86F69F2DBB8EADF5423F3</string>
					<string>DDDB4EA02AF836A751CFE104</string>
				</array>
				<key>isa</key>
				<string>PBXGroup</string>
				<key>name</key>
				<string>src</string>
				<key>sourceTree</key>
				<string>&lt;group&gt;</string>
			</dict>
			<key>2413C01760B1811BED0F502D</key>
			<dict>
				<key>children</key>
				<array>
					<string>9CBF51184BE294FD9D73043F</string>
					<string>5A08CCDC8D19E7162DE57128</string>
					<string>36D7EC7EF50E326EAC88A0AD</string>
				</array>
				<key>isa</key>
				<string>PBXGroup</string>
				<key>name</key>
				<string>ofxMidi</string>
				<key>sourceTree</key>
				<string>&lt;group&gt;</string>
			</dict>
			<key>402B590DB92A4EBD4AEF7879</key>
			<dict>
				<key>fileRef</key>
				<string>74F0D289559054FB5833B323</string>
				<key>isa</key>
				<string>PBXBuildFile</string>
			</dict>
			<key>74F0D289559054FB5833B323</key>
			<dict>
				<key>explicitFileType</key>
				<string>sourcecode.cpp.cpp</string>
				<key>fileEncoding</key>
				<string>30</string>
				<key>isa</key>
				<string>PBXFileReference</string>
				<key>name</key>
				<string>ofxRtMidiIn.cpp</string>
				<key>path</key>
				<string>../../openFrameworks/addons/ofxMidi/src/desktop/ofxRtMidiIn.cpp</string>
				<key>sourceTree</key>
				<string>SOURCE_ROOT</string>
			</dict>
			<key>B54346913898459010CA8582</key>
			<dict>
				<key>fileRef</key>
				<string>0411A83C0A1EF881D5D25262</string>
				<key>isa</key>
				<string>PBXBuildFile</string>
			</dict>
			<key>0411A83C0A1EF881D5D25262</key>
			<dict>
				<key>explicitFileType</key>
				<string>sourcecode.cpp.cpp</string>
				<key>fileEncoding</key>
				<string>30</string>
				<key>isa</key>
				<string>PBXFileReference</string>
				<key>name</key>
				<string>Util.cpp</string>
				<key>path</key>
				<string>../../openFrameworks/addons/ofxLibwebsockets/libs/ofxLibwebsockets/src/Util.cpp</string>
				<key>sourceTree</key>
				<string>SOURCE_ROOT</string>
			</dict>
			<key>79B36E61CB93DFF80FEC54D6</key>
			<dict>
				<key>fileRef</key>
				<string>B3DD6F555104FC4549BC95A9</string>
				<key>isa</key>
				<string>PBXBuildFile</string>
			</dict>
			<key>B3DD6F555104FC4549BC95A9</key>
			<dict>
				<key>explicitFileType</key>
				<string>sourcecode.cpp.cpp</string>
				<key>fileEncoding</key>
				<string>30</string>
				<key>isa</key>
				<string>PBXFileReference</string>
				<key>name</key>
				<string>Server.cpp</string>
				<key>path</key>
				<string>../../openFrameworks/addons/ofxLibwebsockets/libs/ofxLibwebsockets/src/Server.cpp</string>
				<key>sourceTree</key>
				<string>SOURCE_ROOT</string>
			</dict>
			<key>99804DB14491758B67C26F25</key>
			<dict>
				<key>fileRef</key>
				<string>D57B7A5C005B17216041CB65</string>
				<key>isa</key>
				<string>PBXBuildFile</string>
			</dict>
			<key>D57B7A5C005B17216041CB65</key>
			<dict>
				<key>explicitFileType</key>
				<string>sourcecode.cpp.cpp</string>
				<key>fileEncoding</key>
				<string>30</string>
				<key>isa</key>
				<string>PBXFileReference</string>
				<key>name</key>
				<string>Reactor.cpp</string>
				<key>path</key>
				<string>../../openFrameworks/addons/ofxLibwebsockets/libs/ofxLibwebsockets/src/Reactor.cpp</string>
				<key>sourceTree</key>
				<string>SOURCE_ROOT</string>
			</dict>
			<key>15446CCAA7E06A5264EB910E</key>
			<dict>
				<key>fileRef</key>
				<string>B81A895A46C73A4AFBF23639</string>
				<key>isa</key>
				<string>PBXBuildFile</string>
			</dict>
			<key>B81A895A46C73A4AFBF23639</key>
			<dict>
				<key>explicitFileType</key>
				<string>sourcecode.cpp.cpp</string>
				<key>fileEncoding</key>
				<string>30</string>
				<key>isa</key>
				<string>PBXFileReference</string>
				<key>name</key>
				<string>Protocol.cpp</string>
				<key>path</key>
				<string>../../openFrameworks/addons/ofxLibwebsockets/libs/ofxLibwebsockets/src/Protocol.cpp</string>
				<key>sourceTree</key>
				<string>SOURCE_ROOT</string>
			</dict>
			<key>04C834274A5B0A70422CBD1C</key>
			<dict>
				<key>fileRef</key>
				<string>B51302E68262309FFEEADAA2</string>
				<key>isa</key>
				<string>PBXBuildFile</string>
			</dict>
			<key>B51302E68262309FFEEADAA2</key>
			<dict>
				<key>explicitFileType</key>
				<string>sourcecode.cpp.cpp</string>
				<key>fileEncoding</key>
				<string>30</string>
				<key>isa</key>
				<string>PBXFileReference</string>
				<key>name</key>
				<string>Events.cpp</string>
				<key>path</key>
				<string>../../openFrameworks/addons/ofxLibwebsockets/libs/ofxLibwebsockets/src/Events.cpp</string>
				<key>sourceTree</key>
				<string>SOURCE_ROOT</string>
			</dict>
			<key>8731435A3546F52D29D73487</key>
			<dict>
				<key>fileRef</key>
				<string>9E0DD5E9C4F1AF191E8AA9D1</string>
				<key>isa</key>
				<string>PBXBuildFile</string>
			</dict>
			<key>9E0DD5E9C4F1AF191E8AA9D1</key>
			<dict>
				<key>explicitFileType</key>
				<string>sourcecode.cpp.cpp</string>
				<key>fileEncoding</key>
				<string>30</string>
				<key>isa</key>
				<string>PBXFileReference</string>
				<key>name</key>
				<string>Connection.cpp</string>
				<key>path</key>
				<string>../../openFrameworks/addons/ofxLibwebsockets/libs/ofxLibwebsockets/src/Connection.cpp</string>
				<key>sourceTree</key>
				<string>SOURCE_ROOT</string>
			</dict>
			<key>213FDE476BBC2B9B0347CC2F</key>
			<dict>
				<key>children</key>
				<array>
					<string>1BF221B7C8E9FCE8892848E8</string>
					<string>9E0DD5E9C4F1AF191E8AA9D1</string>
					<string>B51302E68262309FFEEADAA2</string>
					<string>B81A895A46C73A4AFBF23639</string>
					<string>D57B7A5C005B17216041CB65</string>
					<string>B3DD6F555104FC4549BC95A9</string>
					<string>0411A83C0A1EF881D5D25262</string>
				</array>
				<key>isa</key>
				<string>PBXGroup</string>
				<key>name</key>
				<string>src</string>
				<key>sourceTree</key>
				<string>&lt;group&gt;</string>
			</dict>
			<key>4082007C94B856CD67D709F7</key>
			<dict>
				<key>fileRef</key>
				<string>1BF221B7C8E9FCE8892848E8</string>
				<key>isa</key>
				<string>PBXBuildFile</string>
			</dict>
			<key>1BF221B7C8E9FCE8892848E8</key>
			<dict>
				<key>explicitFileType</key>
				<string>sourcecode.cpp.cpp</string>
				<key>fileEncoding</key>
				<string>30</string>
				<key>isa</key>
				<string>PBXFileReference</string>
				<key>name</key>
				<string>Client.cpp</string>
				<key>path</key>
				<string>../../openFrameworks/addons/ofxLibwebsockets/libs/ofxLibwebsockets/src/Client.cpp</string>
				<key>sourceTree</key>
				<string>SOURCE_ROOT</string>
			</dict>
			<key>044BF4219AA1C5389FFE0F65</key>
			<dict>
				<key>explicitFileType</key>
				<string>sourcecode.c.h</string>
				<key>fileEncoding</key>
				<string>30</string>
				<key>isa</key>
				<string>PBXFileReference</string>
				<key>name</key>
				<string>Util.h</string>
				<key>path</key>
				<string>../../openFrameworks/addons/ofxLibwebsockets/libs/ofxLibwebsockets/include/ofxLibwebsockets/Util.h</string>
				<key>sourceTree</key>
				<string>SOURCE_ROOT</string>
			</dict>
			<key>6DD8ADF01448172B6AE13891</key>
			<dict>
				<key>explicitFileType</key>
				<string>sourcecode.c.h</string>
				<key>fileEncoding</key>
				<string>30</string>
				<key>isa</key>
				<string>PBXFileReference</string>
				<key>name</key>
				<string>Server.h</string>
				<key>path</key>
				<string>../../openFrameworks/addons/ofxLibwebsockets/libs/ofxLibwebsockets/include/ofxLibwebsockets/Server.h</string>
				<key>sourceTree</key>
				<string>SOURCE_ROOT</string>
			</dict>
			<key>77537E21958FFDE508053AD5</key>
			<dict>
				<key>explicitFileType</key>
				<string>sourcecode.c.h</string>
				<key>fileEncoding</key>
				<string>30</string>
				<key>isa</key>
				<string>PBXFileReference</string>
				<key>name</key>
				<string>Reactor.h</string>
				<key>path</key>
				<string>../../openFrameworks/addons/ofxLibwebsockets/libs/ofxLibwebsockets/include/ofxLibwebsockets/Reactor.h</string>
				<key>sourceTree</key>
				<string>SOURCE_ROOT</string>
			</dict>
			<key>725D7E290CCA68E67B084E36</key>
			<dict>
				<key>explicitFileType</key>
				<string>sourcecode.c.h</string>
				<key>fileEncoding</key>
				<string>30</string>
				<key>isa</key>
				<string>PBXFileReference</string>
				<key>name</key>
				<string>Protocol.h</string>
				<key>path</key>
				<string>../../openFrameworks/addons/ofxLibwebsockets/libs/ofxLibwebsockets/include/ofxLibwebsockets/Protocol.h</string>
				<key>sourceTree</key>
				<string>SOURCE_ROOT</string>
			</dict>
			<key>DDCBD247631EE754927E6065</key>
			<dict>
				<key>explicitFileType</key>
				<string>sourcecode.c.h</string>
				<key>fileEncoding</key>
				<string>30</string>
				<key>isa</key>
				<string>PBXFileReference</string>
				<key>name</key>
				<string>Events.h</string>
				<key>path</key>
				<string>../../openFrameworks/addons/ofxLibwebsockets/libs/ofxLibwebsockets/include/ofxLibwebsockets/Events.h</string>
				<key>sourceTree</key>
				<string>SOURCE_ROOT</string>
			</dict>
			<key>7F2318B07F474E318BAA199C</key>
			<dict>
				<key>explicitFileType</key>
				<string>sourcecode.c.h</string>
				<key>fileEncoding</key>
				<string>30</string>
				<key>isa</key>
				<string>PBXFileReference</string>
				<key>name</key>
				<string>Connection.h</string>
				<key>path</key>
				<string>../../openFrameworks/addons/ofxLibwebsockets/libs/ofxLibwebsockets/include/ofxLibwebsockets/Connection.h</string>
				<key>sourceTree</key>
				<string>SOURCE_ROOT</string>
			</dict>
			<key>557E2A608249176E0784E609</key>
			<dict>
				<key>children</key>
				<array>
					<string>622B3030A1CB0E85194734D7</string>
					<string>7F2318B07F474E318BAA199C</string>
					<string>DDCBD247631EE754927E6065</string>
					<string>725D7E290CCA68E67B084E36</string>
					<string>77537E21958FFDE508053AD5</string>
					<string>6DD8ADF01448172B6AE13891</string>
					<string>044BF4219AA1C5389FFE0F65</string>
				</array>
				<key>isa</key>
				<string>PBXGroup</string>
				<key>name</key>
				<string>ofxLibwebsockets</string>
				<key>sourceTree</key>
				<string>&lt;group&gt;</string>
			</dict>
			<key>108C8D494BF6997F7A730F6E</key>
			<dict>
				<key>children</key>
				<array>
					<string>557E2A608249176E0784E609</string>
				</array>
				<key>isa</key>
				<string>PBXGroup</string>
				<key>name</key>
				<string>include</string>
				<key>sourceTree</key>
				<string>&lt;group&gt;</string>
			</dict>
			<key>AB97697EC6F10E7234EFF261</key>
			<dict>
				<key>children</key>
				<array>
					<string>108C8D494BF6997F7A730F6E</string>
					<string>213FDE476BBC2B9B0347CC2F</string>
				</array>
				<key>isa</key>
				<string>PBXGroup</string>
				<key>name</key>
				<string>ofxLibwebsockets</string>
				<key>sourceTree</key>
				<string>&lt;group&gt;</string>
			</dict>
			<key>622B3030A1CB0E85194734D7</key>
			<dict>
				<key>explicitFileType</key>
				<string>sourcecode.c.h</string>
				<key>fileEncoding</key>
				<string>30</string>
				<key>isa</key>
				<string>PBXFileReference</string>
				<key>name</key>
				<string>Client.h</string>
				<key>path</key>
				<string>../../openFrameworks/addons/ofxLibwebsockets/libs/ofxLibwebsockets/include/ofxLibwebsockets/Client.h</string>
				<key>sourceTree</key>
				<string>SOURCE_ROOT</string>
			</dict>
			<key>54772B0F978FD50FE72F9073</key>
			<dict>
				<key>explicitFileType</key>
				<string>sourcecode.c.h</string>
				<key>fileEncoding</key>
				<string>30</string>
				<key>isa</key>
				<string>PBXFileReference</string>
				<key>name</key>
				<string>lws_config.h</string>
				<key>path</key>
				<string>../../openFrameworks/addons/ofxLibwebsockets/libs/libwebsockets/include/lws_config.h</string>
				<key>sourceTree</key>
				<string>SOURCE_ROOT</string>
			</dict>
			<key>18FCCFAA3CEB7C78C4BFC512</key>
			<dict>
				<key>children</key>
				<array>
					<string>CFBFAF10FD737846C06C9E83</string>
					<string>54772B0F978FD50FE72F9073</string>
				</array>
				<key>isa</key>
				<string>PBXGroup</string>
				<key>name</key>
				<string>include</string>
				<key>sourceTree</key>
				<string>&lt;group&gt;</string>
			</dict>
			<key>CB67BAA20E44B0F45701C777</key>
			<dict>
				<key>children</key>
				<array>
					<string>18FCCFAA3CEB7C78C4BFC512</string>
				</array>
				<key>isa</key>
				<string>PBXGroup</string>
				<key>name</key>
				<string>libwebsockets</string>
				<key>sourceTree</key>
				<string>&lt;group&gt;</string>
			</dict>
			<key>CFBFAF10FD737846C06C9E83</key>
			<dict>
				<key>explicitFileType</key>
				<string>sourcecode.c.h</string>
				<key>fileEncoding</key>
				<string>30</string>
				<key>isa</key>
				<string>PBXFileReference</string>
				<key>name</key>
				<string>libwebsockets.h</string>
				<key>path</key>
				<string>../../openFrameworks/addons/ofxLibwebsockets/libs/libwebsockets/include/libwebsockets.h</string>
				<key>sourceTree</key>
				<string>SOURCE_ROOT</string>
			</dict>
			<key>8E00A676429FB5F08E65A2C2</key>
			<dict>
				<key>fileRef</key>
				<string>3D61ADDC8BC247F20EE5DBEA</string>
				<key>isa</key>
				<string>PBXBuildFile</string>
			</dict>
			<key>3D61ADDC8BC247F20EE5DBEA</key>
			<dict>
				<key>explicitFileType</key>
				<string>sourcecode.cpp.cpp</string>
				<key>fileEncoding</key>
				<string>30</string>
				<key>isa</key>
				<string>PBXFileReference</string>
				<key>name</key>
				<string>jsoncpp.cpp</string>
				<key>path</key>
				<string>../../openFrameworks/addons/ofxLibwebsockets/libs/jsoncpp/jsoncpp.cpp</string>
				<key>sourceTree</key>
				<string>SOURCE_ROOT</string>
			</dict>
			<key>4ABFC64A0CFD290F60D96F59</key>
			<dict>
				<key>explicitFileType</key>
				<string>sourcecode.c.h</string>
				<key>fileEncoding</key>
				<string>30</string>
				<key>isa</key>
				<string>PBXFileReference</string>
				<key>name</key>
				<string>json.h</string>
				<key>path</key>
				<string>../../openFrameworks/addons/ofxLibwebsockets/libs/jsoncpp/json/json.h</string>
				<key>sourceTree</key>
				<string>SOURCE_ROOT</string>
			</dict>
			<key>12CA34DA3B4F71871CBFA23A</key>
			<dict>
				<key>children</key>
				<array>
					<string>788461273C38C2A3833F5017</string>
					<string>4ABFC64A0CFD290F60D96F59</string>
				</array>
				<key>isa</key>
				<string>PBXGroup</string>
				<key>name</key>
				<string>json</string>
				<key>sourceTree</key>
				<string>&lt;group&gt;</string>
			</dict>
			<key>5AC16A8D6EC87B59A03906C1</key>
			<dict>
				<key>children</key>
				<array>
					<string>12CA34DA3B4F71871CBFA23A</string>
					<string>3D61ADDC8BC247F20EE5DBEA</string>
				</array>
				<key>isa</key>
				<string>PBXGroup</string>
				<key>name</key>
				<string>jsoncpp</string>
				<key>sourceTree</key>
				<string>&lt;group&gt;</string>
			</dict>
			<key>70911A54686309FC932B3014</key>
			<dict>
				<key>children</key>
				<array>
					<string>5AC16A8D6EC87B59A03906C1</string>
					<string>CB67BAA20E44B0F45701C777</string>
					<string>AB97697EC6F10E7234EFF261</string>
				</array>
				<key>isa</key>
				<string>PBXGroup</string>
				<key>name</key>
				<string>libs</string>
				<key>sourceTree</key>
				<string>&lt;group&gt;</string>
			</dict>
			<key>788461273C38C2A3833F5017</key>
			<dict>
				<key>explicitFileType</key>
				<string>sourcecode.c.h</string>
				<key>fileEncoding</key>
				<string>30</string>
				<key>isa</key>
				<string>PBXFileReference</string>
				<key>name</key>
				<string>json-forwards.h</string>
				<key>path</key>
				<string>../../openFrameworks/addons/ofxLibwebsockets/libs/jsoncpp/json/json-forwards.h</string>
				<key>sourceTree</key>
				<string>SOURCE_ROOT</string>
			</dict>
			<key>97B6E31FFC746B023496BB48</key>
			<dict>
				<key>children</key>
				<array>
					<string>BB28EF536C572BDB6C74900C</string>
				</array>
				<key>isa</key>
				<string>PBXGroup</string>
				<key>name</key>
				<string>src</string>
				<key>sourceTree</key>
				<string>&lt;group&gt;</string>
			</dict>
			<key>AAE50E341C7382A4EF10AF5A</key>
			<dict>
				<key>children</key>
				<array>
					<string>97B6E31FFC746B023496BB48</string>
					<string>70911A54686309FC932B3014</string>
				</array>
				<key>isa</key>
				<string>PBXGroup</string>
				<key>name</key>
				<string>ofxLibwebsockets</string>
				<key>sourceTree</key>
				<string>&lt;group&gt;</string>
			</dict>
			<key>BB28EF536C572BDB6C74900C</key>
			<dict>
				<key>explicitFileType</key>
				<string>sourcecode.c.h</string>
				<key>fileEncoding</key>
				<string>30</string>
				<key>isa</key>
				<string>PBXFileReference</string>
				<key>name</key>
				<string>ofxLibwebsockets.h</string>
				<key>path</key>
				<string>../../openFrameworks/addons/ofxLibwebsockets/src/ofxLibwebsockets.h</string>
				<key>sourceTree</key>
				<string>SOURCE_ROOT</string>
			</dict>
			<key>FDD35EBA2942F617468B9637</key>
			<dict>
				<key>explicitFileType</key>
				<string>sourcecode.c.h</string>
				<key>fileEncoding</key>
				<string>30</string>
				<key>isa</key>
				<string>PBXFileReference</string>
				<key>name</key>
				<string>stb_truetype.h</string>
				<key>path</key>
				<string>../../openFrameworks/addons/ofxImGui/libs/imgui/src/stb_truetype.h</string>
				<key>sourceTree</key>
				<string>SOURCE_ROOT</string>
			</dict>
			<key>ECA32140ED994F1C6237708F</key>
			<dict>
				<key>explicitFileType</key>
				<string>sourcecode.c.h</string>
				<key>fileEncoding</key>
				<string>30</string>
				<key>isa</key>
				<string>PBXFileReference</string>
				<key>name</key>
				<string>stb_textedit.h</string>
				<key>path</key>
				<string>../../openFrameworks/addons/ofxImGui/libs/imgui/src/stb_textedit.h</string>
				<key>sourceTree</key>
				<string>SOURCE_ROOT</string>
			</dict>
			<key>174F3F847A2480A0297E2CCC</key>
			<dict>
				<key>explicitFileType</key>
				<string>sourcecode.c.h</string>
				<key>fileEncoding</key>
				<string>30</string>
				<key>isa</key>
				<string>PBXFileReference</string>
				<key>name</key>
				<string>stb_rect_pack.h</string>
				<key>path</key>
				<string>../../openFrameworks/addons/ofxImGui/libs/imgui/src/stb_rect_pack.h</string>
				<key>sourceTree</key>
				<string>SOURCE_ROOT</string>
			</dict>
			<key>F58079B669E678EEE9BD35B4</key>
			<dict>
				<key>explicitFileType</key>
				<string>sourcecode.c.h</string>
				<key>fileEncoding</key>
				<string>30</string>
				<key>isa</key>
				<string>PBXFileReference</string>
				<key>name</key>
				<string>imgui_internal.h</string>
				<key>path</key>
				<string>../../openFrameworks/addons/ofxImGui/libs/imgui/src/imgui_internal.h</string>
				<key>sourceTree</key>
				<string>SOURCE_ROOT</string>
			</dict>
			<key>5512BCD71CE4919A3AB3D512</key>
			<dict>
				<key>fileRef</key>
				<string>3DD9AA9BFF29221EFB0EAF83</string>
				<key>isa</key>
				<string>PBXBuildFile</string>
			</dict>
			<key>3DD9AA9BFF29221EFB0EAF83</key>
			<dict>
				<key>explicitFileType</key>
				<string>sourcecode.cpp.cpp</string>
				<key>fileEncoding</key>
				<string>30</string>
				<key>isa</key>
				<string>PBXFileReference</string>
				<key>name</key>
				<string>imgui_draw.cpp</string>
				<key>path</key>
				<string>../../openFrameworks/addons/ofxImGui/libs/imgui/src/imgui_draw.cpp</string>
				<key>sourceTree</key>
				<string>SOURCE_ROOT</string>
			</dict>
			<key>36E65C5DBA3A817BE46CCB4B</key>
			<dict>
				<key>fileRef</key>
				<string>66ED4F7E75442B5E58D9F0BE</string>
				<key>isa</key>
				<string>PBXBuildFile</string>
			</dict>
			<key>66ED4F7E75442B5E58D9F0BE</key>
			<dict>
				<key>explicitFileType</key>
				<string>sourcecode.cpp.cpp</string>
				<key>fileEncoding</key>
				<string>30</string>
				<key>isa</key>
				<string>PBXFileReference</string>
				<key>name</key>
				<string>imgui_demo.cpp</string>
				<key>path</key>
				<string>../../openFrameworks/addons/ofxImGui/libs/imgui/src/imgui_demo.cpp</string>
				<key>sourceTree</key>
				<string>SOURCE_ROOT</string>
			</dict>
			<key>FA390804FCD9484BB23214FC</key>
			<dict>
				<key>explicitFileType</key>
				<string>sourcecode.c.h</string>
				<key>fileEncoding</key>
				<string>30</string>
				<key>isa</key>
				<string>PBXFileReference</string>
				<key>name</key>
				<string>imgui.h</string>
				<key>path</key>
				<string>../../openFrameworks/addons/ofxImGui/libs/imgui/src/imgui.h</string>
				<key>sourceTree</key>
				<string>SOURCE_ROOT</string>
			</dict>
			<key>807146441E0D13714E9F4654</key>
			<dict>
				<key>children</key>
				<array>
					<string>B4C030A26BF27588EF9A2513</string>
					<string>FA390804FCD9484BB23214FC</string>
					<string>66ED4F7E75442B5E58D9F0BE</string>
					<string>3DD9AA9BFF29221EFB0EAF83</string>
					<string>F58079B669E678EEE9BD35B4</string>
					<string>174F3F847A2480A0297E2CCC</string>
					<string>ECA32140ED994F1C6237708F</string>
					<string>FDD35EBA2942F617468B9637</string>
				</array>
				<key>isa</key>
				<string>PBXGroup</string>
				<key>name</key>
				<string>src</string>
				<key>sourceTree</key>
				<string>&lt;group&gt;</string>
			</dict>
			<key>8D2869234BA7562D78D731FF</key>
			<dict>
				<key>children</key>
				<array>
					<string>807146441E0D13714E9F4654</string>
				</array>
				<key>isa</key>
				<string>PBXGroup</string>
				<key>name</key>
				<string>imgui</string>
				<key>sourceTree</key>
				<string>&lt;group&gt;</string>
			</dict>
			<key>C618591A26FF62625326E2DD</key>
			<dict>
				<key>children</key>
				<array>
					<string>8D2869234BA7562D78D731FF</string>
				</array>
				<key>isa</key>
				<string>PBXGroup</string>
				<key>name</key>
				<string>libs</string>
				<key>sourceTree</key>
				<string>&lt;group&gt;</string>
			</dict>
			<key>9988CD0874BE766722182DB0</key>
			<dict>
				<key>fileRef</key>
				<string>B4C030A26BF27588EF9A2513</string>
				<key>isa</key>
				<string>PBXBuildFile</string>
			</dict>
			<key>B4C030A26BF27588EF9A2513</key>
			<dict>
				<key>explicitFileType</key>
				<string>sourcecode.cpp.cpp</string>
				<key>fileEncoding</key>
				<string>30</string>
				<key>isa</key>
				<string>PBXFileReference</string>
				<key>name</key>
				<string>imgui.cpp</string>
				<key>path</key>
				<string>../../openFrameworks/addons/ofxImGui/libs/imgui/src/imgui.cpp</string>
				<key>sourceTree</key>
				<string>SOURCE_ROOT</string>
			</dict>
			<key>D39104D51D31194E55737ADA</key>
			<dict>
				<key>explicitFileType</key>
				<string>sourcecode.c.h</string>
				<key>fileEncoding</key>
				<string>30</string>
				<key>isa</key>
				<string>PBXFileReference</string>
				<key>name</key>
				<string>ThemeTest.h</string>
				<key>path</key>
				<string>../../openFrameworks/addons/ofxImGui/src/ThemeTest.h</string>
				<key>sourceTree</key>
				<string>SOURCE_ROOT</string>
			</dict>
			<key>993DBE0602503CA83970ECC1</key>
			<dict>
				<key>explicitFileType</key>
				<string>sourcecode.c.h</string>
				<key>fileEncoding</key>
				<string>30</string>
				<key>isa</key>
				<string>PBXFileReference</string>
				<key>name</key>
				<string>ofxImGui.h</string>
				<key>path</key>
				<string>../../openFrameworks/addons/ofxImGui/src/ofxImGui.h</string>
				<key>sourceTree</key>
				<string>SOURCE_ROOT</string>
			</dict>
			<key>EEC3ECCA79DC17641894EEEC</key>
			<dict>
				<key>fileRef</key>
				<string>421CD31B9115A775C52A9B02</string>
				<key>isa</key>
				<string>PBXBuildFile</string>
			</dict>
			<key>421CD31B9115A775C52A9B02</key>
			<dict>
				<key>explicitFileType</key>
				<string>sourcecode.cpp.cpp</string>
				<key>fileEncoding</key>
				<string>30</string>
				<key>isa</key>
				<string>PBXFileReference</string>
				<key>name</key>
				<string>ofxImGui.cpp</string>
				<key>path</key>
				<string>../../openFrameworks/addons/ofxImGui/src/ofxImGui.cpp</string>
				<key>sourceTree</key>
				<string>SOURCE_ROOT</string>
			</dict>
			<key>27F2EEF0CC4791D6F61390E9</key>
			<dict>
				<key>explicitFileType</key>
				<string>sourcecode.c.h</string>
				<key>fileEncoding</key>
				<string>30</string>
				<key>isa</key>
				<string>PBXFileReference</string>
				<key>name</key>
				<string>imconfig.h</string>
				<key>path</key>
				<string>../../openFrameworks/addons/ofxImGui/src/imconfig.h</string>
				<key>sourceTree</key>
				<string>SOURCE_ROOT</string>
			</dict>
			<key>55FF48708E9F4B2EC12BDB9D</key>
			<dict>
				<key>explicitFileType</key>
				<string>sourcecode.c.h</string>
				<key>fileEncoding</key>
				<string>30</string>
				<key>isa</key>
				<string>PBXFileReference</string>
				<key>name</key>
				<string>EngineOpenGLES.h</string>
				<key>path</key>
				<string>../../openFrameworks/addons/ofxImGui/src/EngineOpenGLES.h</string>
				<key>sourceTree</key>
				<string>SOURCE_ROOT</string>
			</dict>
			<key>09006F19EFF322D5FE0E2917</key>
			<dict>
				<key>fileRef</key>
				<string>9398B6C757BF11F59A233C98</string>
				<key>isa</key>
				<string>PBXBuildFile</string>
			</dict>
			<key>9398B6C757BF11F59A233C98</key>
			<dict>
				<key>explicitFileType</key>
				<string>sourcecode.cpp.cpp</string>
				<key>fileEncoding</key>
				<string>30</string>
				<key>isa</key>
				<string>PBXFileReference</string>
				<key>name</key>
				<string>EngineOpenGLES.cpp</string>
				<key>path</key>
				<string>../../openFrameworks/addons/ofxImGui/src/EngineOpenGLES.cpp</string>
				<key>sourceTree</key>
				<string>SOURCE_ROOT</string>
			</dict>
			<key>17F693DA1754472EABBCCD41</key>
			<dict>
				<key>explicitFileType</key>
				<string>sourcecode.c.h</string>
				<key>fileEncoding</key>
				<string>30</string>
				<key>isa</key>
				<string>PBXFileReference</string>
				<key>name</key>
				<string>EngineGLFW.h</string>
				<key>path</key>
				<string>../../openFrameworks/addons/ofxImGui/src/EngineGLFW.h</string>
				<key>sourceTree</key>
				<string>SOURCE_ROOT</string>
			</dict>
			<key>23EC61C85342249BEEFF4A39</key>
			<dict>
				<key>fileRef</key>
				<string>433035C20177F799D8E00AA8</string>
				<key>isa</key>
				<string>PBXBuildFile</string>
			</dict>
			<key>433035C20177F799D8E00AA8</key>
			<dict>
				<key>explicitFileType</key>
				<string>sourcecode.cpp.cpp</string>
				<key>fileEncoding</key>
				<string>30</string>
				<key>isa</key>
				<string>PBXFileReference</string>
				<key>name</key>
				<string>EngineGLFW.cpp</string>
				<key>path</key>
				<string>../../openFrameworks/addons/ofxImGui/src/EngineGLFW.cpp</string>
				<key>sourceTree</key>
				<string>SOURCE_ROOT</string>
			</dict>
			<key>1FFA53584445578AFC089400</key>
			<dict>
				<key>explicitFileType</key>
				<string>sourcecode.c.h</string>
				<key>fileEncoding</key>
				<string>30</string>
				<key>isa</key>
				<string>PBXFileReference</string>
				<key>name</key>
				<string>BaseTheme.h</string>
				<key>path</key>
				<string>../../openFrameworks/addons/ofxImGui/src/BaseTheme.h</string>
				<key>sourceTree</key>
				<string>SOURCE_ROOT</string>
			</dict>
			<key>B2B25FCD168C556FBEC5DCE3</key>
			<dict>
				<key>fileRef</key>
				<string>63DA11CE2AB03BDC5A04EA81</string>
				<key>isa</key>
				<string>PBXBuildFile</string>
			</dict>
			<key>63DA11CE2AB03BDC5A04EA81</key>
			<dict>
				<key>explicitFileType</key>
				<string>sourcecode.cpp.cpp</string>
				<key>fileEncoding</key>
				<string>30</string>
				<key>isa</key>
				<string>PBXFileReference</string>
				<key>name</key>
				<string>BaseTheme.cpp</string>
				<key>path</key>
				<string>../../openFrameworks/addons/ofxImGui/src/BaseTheme.cpp</string>
				<key>sourceTree</key>
				<string>SOURCE_ROOT</string>
			</dict>
			<key>23652DE341C3F8161F3D0B62</key>
			<dict>
				<key>explicitFileType</key>
				<string>sourcecode.c.h</string>
				<key>fileEncoding</key>
				<string>30</string>
				<key>isa</key>
				<string>PBXFileReference</string>
				<key>name</key>
				<string>BaseEngine.h</string>
				<key>path</key>
				<string>../../openFrameworks/addons/ofxImGui/src/BaseEngine.h</string>
				<key>sourceTree</key>
				<string>SOURCE_ROOT</string>
			</dict>
			<key>6FF8AA08E79CFA38503CDB0E</key>
			<dict>
				<key>children</key>
				<array>
					<string>F48622FE5D84BFEAFD3384E4</string>
					<string>23652DE341C3F8161F3D0B62</string>
					<string>63DA11CE2AB03BDC5A04EA81</string>
					<string>1FFA53584445578AFC089400</string>
					<string>433035C20177F799D8E00AA8</string>
					<string>17F693DA1754472EABBCCD41</string>
					<string>9398B6C757BF11F59A233C98</string>
					<string>55FF48708E9F4B2EC12BDB9D</string>
					<string>27F2EEF0CC4791D6F61390E9</string>
					<string>421CD31B9115A775C52A9B02</string>
					<string>993DBE0602503CA83970ECC1</string>
					<string>D39104D51D31194E55737ADA</string>
				</array>
				<key>isa</key>
				<string>PBXGroup</string>
				<key>name</key>
				<string>src</string>
				<key>sourceTree</key>
				<string>&lt;group&gt;</string>
			</dict>
			<key>768C3255AF2F3E1A78DC4DF4</key>
			<dict>
				<key>children</key>
				<array>
					<string>6FF8AA08E79CFA38503CDB0E</string>
					<string>C618591A26FF62625326E2DD</string>
				</array>
				<key>isa</key>
				<string>PBXGroup</string>
				<key>name</key>
				<string>ofxImGui</string>
				<key>sourceTree</key>
				<string>&lt;group&gt;</string>
			</dict>
			<key>59ECC7E010D32D029BA3D1D4</key>
			<dict>
				<key>fileRef</key>
				<string>F48622FE5D84BFEAFD3384E4</string>
				<key>isa</key>
				<string>PBXBuildFile</string>
			</dict>
			<key>F48622FE5D84BFEAFD3384E4</key>
			<dict>
				<key>explicitFileType</key>
				<string>sourcecode.cpp.cpp</string>
				<key>fileEncoding</key>
				<string>30</string>
				<key>isa</key>
				<string>PBXFileReference</string>
				<key>name</key>
				<string>BaseEngine.cpp</string>
				<key>path</key>
				<string>../../openFrameworks/addons/ofxImGui/src/BaseEngine.cpp</string>
				<key>sourceTree</key>
				<string>SOURCE_ROOT</string>
			</dict>
			<key>6948EE371B920CB800B5AC1A</key>
			<dict>
				<key>children</key>
				<array />
				<key>isa</key>
				<string>PBXGroup</string>
				<key>name</key>
				<string>local_addons</string>
				<key>sourceTree</key>
				<string>&lt;group&gt;</string>
			</dict>
			<key>8466F1851C04CA0E00918B1C</key>
			<dict>
				<key>buildActionMask</key>
				<string>12</string>
				<key>files</key>
				<array />
				<key>inputPaths</key>
				<array />
				<key>isa</key>
				<string>PBXShellScriptBuildPhase</string>
				<key>outputPaths</key>
				<array />
				<key>runOnlyForDeploymentPostprocessing</key>
				<string>0</string>
				<key>shellPath</key>
				<string>/bin/sh</string>
				<key>shellScript</key>
				<string>echo "$GCC_PREPROCESSOR_DEFINITIONS";
APPSTORE=`expr "$GCC_PREPROCESSOR_DEFINITIONS" : ".*APPSTORE=\([0-9]*\)"`
if [ -z "$APPSTORE" ] ; then
echo "Note: Not copying bin/data to App Package or doing App Code signing. Use AppStore target for AppStore distribution";
else
# Copy bin/data into App/Resources
rsync -avz --exclude='.DS_Store' "${SRCROOT}/bin/data/" "${TARGET_BUILD_DIR}/${UNLOCALIZED_RESOURCES_FOLDER_PATH}/data/"

# ---- Code Sign App Package ----
 
# WARNING: You may have to run Clean in Xcode after changing CODE_SIGN_IDENTITY!

# Verify that $CODE_SIGN_IDENTITY is set
if [ -z "${CODE_SIGN_IDENTITY}" ] ; then
echo "CODE_SIGN_IDENTITY needs to be set for framework code-signing"
exit 0
fi

if [ -z "${CODE_SIGN_ENTITLEMENTS}" ] ; then
echo "CODE_SIGN_ENTITLEMENTS needs to be set for framework code-signing!"

if [ "${CONFIGURATION}" = "Release" ] ; then
exit 1
else
# Code-signing is optional for non-release builds.
exit 0
fi
fi

ITEMS=""

FRAMEWORKS_DIR="${TARGET_BUILD_DIR}/${FRAMEWORKS_FOLDER_PATH}"
echo "$FRAMEWORKS_DIR"
if [ -d "$FRAMEWORKS_DIR" ] ; then
FRAMEWORKS=$(find "${FRAMEWORKS_DIR}" -depth -type d -name "*.framework" -or -name "*.dylib" -or -name "*.bundle" | sed -e "s/\(.*framework\)/\1\/Versions\/A\//")
RESULT=$?
if [[ $RESULT != 0 ]] ; then
exit 1
fi

ITEMS="${FRAMEWORKS}"
fi

LOGINITEMS_DIR="${TARGET_BUILD_DIR}/${CONTENTS_FOLDER_PATH}/Library/LoginItems/"
if [ -d "$LOGINITEMS_DIR" ] ; then
LOGINITEMS=$(find "${LOGINITEMS_DIR}" -depth -type d -name "*.app")
RESULT=$?
if [[ $RESULT != 0 ]] ; then
exit 1
fi

ITEMS="${ITEMS}"$'\n'"${LOGINITEMS}"
fi

# Prefer the expanded name, if available.
CODE_SIGN_IDENTITY_FOR_ITEMS="${EXPANDED_CODE_SIGN_IDENTITY_NAME}"
if [ "${CODE_SIGN_IDENTITY_FOR_ITEMS}" = "" ] ; then
# Fall back to old behavior.
CODE_SIGN_IDENTITY_FOR_ITEMS="${CODE_SIGN_IDENTITY}"
fi

echo "Identity:"
echo "${CODE_SIGN_IDENTITY_FOR_ITEMS}"

echo "Entitlements:"
echo "${CODE_SIGN_ENTITLEMENTS}"

echo "Found:"
echo "${ITEMS}"

# Change the Internal Field Separator (IFS) so that spaces in paths will not cause problems below.
SAVED_IFS=$IFS
IFS=$(echo -en "\n\b")

# Loop through all items.
for ITEM in $ITEMS;
do
echo "Signing '${ITEM}'"
codesign --force --verbose --sign "${CODE_SIGN_IDENTITY_FOR_ITEMS}" --entitlements "${CODE_SIGN_ENTITLEMENTS}" "${ITEM}"
RESULT=$?
if [[ $RESULT != 0 ]] ; then
echo "Failed to sign '${ITEM}'."
IFS=$SAVED_IFS
exit 1
fi
done

# Restore $IFS.
IFS=$SAVED_IFS

fi
</string>
			</dict>
			<key>99FA3DBB1C7456C400CFA0EE</key>
			<dict>
				<key>baseConfigurationReference</key>
				<string>E4EB6923138AFD0F00A09F29</string>
				<key>buildSettings</key>
				<dict>
					<key>OTHER_LDFLAGS</key>
					<array>
						<string>$(OF_CORE_FRAMEWORKS) $(OF_CORE_LIBS)</string>
						<string>../../openFrameworks/addons/ofxLibwebsockets/libs/libwebsockets/lib/osx/libwebsockets.a</string>
					</array>
					<key>HEADER_SEARCH_PATHS</key>
					<array>
						<string>$(OF_CORE_HEADERS)</string>
						<string>../../openFrameworks/addons/ofxImGui/libs</string>
						<string>../../openFrameworks/addons/ofxImGui/libs/imgui</string>
						<string>../../openFrameworks/addons/ofxImGui/libs/imgui/src</string>
						<string>../../openFrameworks/addons/ofxImGui/src</string>
						<string>../../openFrameworks/addons/ofxLibwebsockets/libs/jsoncpp</string>
						<string>../../openFrameworks/addons/ofxLibwebsockets/libs/jsoncpp/json</string>
						<string>../../openFrameworks/addons/ofxLibwebsockets/libs/libwebsockets/include/</string>
						<string>../../openFrameworks/addons/ofxLibwebsockets/libs/ofxLibwebsockets/include</string>
						<string>../../openFrameworks/addons/ofxLibwebsockets/libs/ofxLibwebsockets/include/ofxLibwebsockets</string>
						<string>../../openFrameworks/addons/ofxLibwebsockets/libs/ofxLibwebsockets/src</string>
						<string>../../openFrameworks/addons/ofxLibwebsockets/src</string>
						<string>../../openFrameworks/addons/ofxMidi/libs</string>
						<string>../../openFrameworks/addons/ofxMidi/libs/pgmidi</string>
						<string>../../openFrameworks/addons/ofxMidi/libs/rtmidi</string>
						<string>../../openFrameworks/addons/ofxMidi/src</string>
						<string>../../openFrameworks/addons/ofxMidi/src/desktop</string>
						<string>../../openFrameworks/addons/ofxMidi/src/ios</string>
						<string>../../openFrameworks/addons/ofxTextInputField/src</string>
						<string>../../openFrameworks/addons/ofxXmlSettings/libs</string>
						<string>../../openFrameworks/addons/ofxXmlSettings/src</string>
					</array>
					<key>CONFIGURATION_BUILD_DIR</key>
					<string>$(SRCROOT)/bin/</string>
					<key>COPY_PHASE_STRIP</key>
					<string>YES</string>
					<key>DEAD_CODE_STRIPPING</key>
					<string>YES</string>
					<key>GCC_AUTO_VECTORIZATION</key>
					<string>YES</string>
					<key>GCC_ENABLE_SSE3_EXTENSIONS</key>
					<string>YES</string>
					<key>GCC_ENABLE_SUPPLEMENTAL_SSE3_INSTRUCTIONS</key>
					<string>YES</string>
					<key>GCC_INLINES_ARE_PRIVATE_EXTERN</key>
					<string>NO</string>
					<key>GCC_OPTIMIZATION_LEVEL</key>
					<string>3</string>
					<key>GCC_PREPROCESSOR_DEFINITIONS[arch=*]</key>
					<string>DISTRIBUTION=1</string>
					<key>GCC_SYMBOLS_PRIVATE_EXTERN</key>
					<string>NO</string>
					<key>GCC_UNROLL_LOOPS</key>
					<string>YES</string>
					<key>GCC_WARN_ABOUT_DEPRECATED_FUNCTIONS</key>
					<string>YES</string>
					<key>GCC_WARN_ABOUT_INVALID_OFFSETOF_MACRO</key>
					<string>NO</string>
					<key>GCC_WARN_ALLOW_INCOMPLETE_PROTOCOL</key>
					<string>NO</string>
					<key>GCC_WARN_UNINITIALIZED_AUTOS</key>
					<string>NO</string>
					<key>GCC_WARN_UNUSED_VALUE</key>
					<string>NO</string>
					<key>GCC_WARN_UNUSED_VARIABLE</key>
					<string>NO</string>
					<key>MACOSX_DEPLOYMENT_TARGET</key>
					<string>10.8</string>
					<key>OTHER_CPLUSPLUSFLAGS</key>
					<array>
						<string>-D__MACOSX_CORE__</string>
						<string>-mtune=native</string>
					</array>
					<key>SDKROOT</key>
					<string>macosx</string>
				</dict>
				<key>isa</key>
				<string>XCBuildConfiguration</string>
				<key>name</key>
				<string>AppStore</string>
			</dict>
			<key>99FA3DBC1C7456C400CFA0EE</key>
			<dict>
				<key>baseConfigurationReference</key>
				<string>E4EB6923138AFD0F00A09F29</string>
				<key>buildSettings</key>
				<dict>
					<key>OTHER_LDFLAGS</key>
					<array>
						<string>$(OF_CORE_FRAMEWORKS) $(OF_CORE_LIBS)</string>
						<string>../../openFrameworks/addons/ofxLibwebsockets/libs/libwebsockets/lib/osx/libwebsockets.a</string>
					</array>
					<key>HEADER_SEARCH_PATHS</key>
					<array>
						<string>$(OF_CORE_HEADERS)</string>
						<string>../../openFrameworks/addons/ofxImGui/libs</string>
						<string>../../openFrameworks/addons/ofxImGui/libs/imgui</string>
						<string>../../openFrameworks/addons/ofxImGui/libs/imgui/src</string>
						<string>../../openFrameworks/addons/ofxImGui/src</string>
						<string>../../openFrameworks/addons/ofxLibwebsockets/libs/jsoncpp</string>
						<string>../../openFrameworks/addons/ofxLibwebsockets/libs/jsoncpp/json</string>
						<string>../../openFrameworks/addons/ofxLibwebsockets/libs/libwebsockets/include/</string>
						<string>../../openFrameworks/addons/ofxLibwebsockets/libs/ofxLibwebsockets/include</string>
						<string>../../openFrameworks/addons/ofxLibwebsockets/libs/ofxLibwebsockets/include/ofxLibwebsockets</string>
						<string>../../openFrameworks/addons/ofxLibwebsockets/libs/ofxLibwebsockets/src</string>
						<string>../../openFrameworks/addons/ofxLibwebsockets/src</string>
						<string>../../openFrameworks/addons/ofxMidi/libs</string>
						<string>../../openFrameworks/addons/ofxMidi/libs/pgmidi</string>
						<string>../../openFrameworks/addons/ofxMidi/libs/rtmidi</string>
						<string>../../openFrameworks/addons/ofxMidi/src</string>
						<string>../../openFrameworks/addons/ofxMidi/src/desktop</string>
						<string>../../openFrameworks/addons/ofxMidi/src/ios</string>
						<string>../../openFrameworks/addons/ofxTextInputField/src</string>
						<string>../../openFrameworks/addons/ofxXmlSettings/libs</string>
						<string>../../openFrameworks/addons/ofxXmlSettings/src</string>
					</array>
					<key>COMBINE_HIDPI_IMAGES</key>
					<string>YES</string>
					<key>COPY_PHASE_STRIP</key>
					<string>YES</string>
					<key>FRAMEWORK_SEARCH_PATHS</key>
					<array>
						<string>$(inherited)</string>
						<string>$(FRAMEWORK_SEARCH_PATHS_QUOTED_FOR_TARGET_1)</string>
						<string>/System/Library/Frameworks</string>
					</array>
					<key>FRAMEWORK_SEARCH_PATHS_QUOTED_FOR_TARGET_1</key>
					<string>"$(SRCROOT)/../../openFrameworks/libs/glut/lib/osx"</string>
					<key>GCC_GENERATE_DEBUGGING_SYMBOLS</key>
					<string>YES</string>
					<key>GCC_MODEL_TUNING</key>
					<string>NONE</string>
					<key>GCC_PREPROCESSOR_DEFINITIONS[arch=*]</key>
					<string>APPSTORE=1</string>
					<key>ICON</key>
					<string>$(ICON_NAME_RELEASE)</string>
					<key>ICON_FILE</key>
					<string>$(ICON_FILE_PATH)$(ICON)</string>
					<key>INFOPLIST_FILE</key>
					<string>openFrameworks-Info.plist</string>
					<key>INSTALL_PATH</key>
					<string>/Applications</string>
					<key>LIBRARY_SEARCH_PATHS</key>
					<string>$(inherited)</string>
					<key>PRODUCT_NAME</key>
					<string>$(TARGET_NAME)</string>
					<key>WRAPPER_EXTENSION</key>
					<string>app</string>
					<key>baseConfigurationReference</key>
					<string>E4EB6923138AFD0F00A09F29</string>
				</dict>
				<key>isa</key>
				<string>XCBuildConfiguration</string>
				<key>name</key>
				<string>AppStore</string>
			</dict>
			<key>BB4B014C10F69532006C3DED</key>
			<dict>
				<key>children</key>
				<array>
					<string>768C3255AF2F3E1A78DC4DF4</string>
					<string>AAE50E341C7382A4EF10AF5A</string>
					<string>2413C01760B1811BED0F502D</string>
					<string>AB88B4FD5D7F4ABF53230E5A</string>
					<string>1F4FB5C423662B96ADFDCC0B</string>
				</array>
				<key>isa</key>
				<string>PBXGroup</string>
				<key>name</key>
				<string>addons</string>
				<key>sourceTree</key>
				<string>&lt;group&gt;</string>
			</dict>
			<key>E4328143138ABC890047C5CB</key>
			<dict>
				<key>isa</key>
				<string>PBXFileReference</string>
				<key>lastKnownFileType</key>
				<string>wrapper.pb-project</string>
				<key>name</key>
				<string>openFrameworksLib.xcodeproj</string>
				<key>path</key>
				<string>../../openFrameworks/libs/openFrameworksCompiled/project/osx/openFrameworksLib.xcodeproj</string>
				<key>sourceTree</key>
				<string>SOURCE_ROOT</string>
			</dict>
			<key>E4328144138ABC890047C5CB</key>
			<dict>
				<key>children</key>
				<array>
					<string>E4328148138ABC890047C5CB</string>
				</array>
				<key>isa</key>
				<string>PBXGroup</string>
				<key>name</key>
				<string>Products</string>
				<key>sourceTree</key>
				<string>&lt;group&gt;</string>
			</dict>
			<key>E4328147138ABC890047C5CB</key>
			<dict>
				<key>containerPortal</key>
				<string>E4328143138ABC890047C5CB</string>
				<key>isa</key>
				<string>PBXContainerItemProxy</string>
				<key>proxyType</key>
				<string>2</string>
				<key>remoteGlobalIDString</key>
				<string>E4B27C1510CBEB8E00536013</string>
				<key>remoteInfo</key>
				<string>openFrameworks</string>
			</dict>
			<key>E4328148138ABC890047C5CB</key>
			<dict>
				<key>fileType</key>
				<string>archive.ar</string>
				<key>isa</key>
				<string>PBXReferenceProxy</string>
				<key>path</key>
				<string>openFrameworksDebug.a</string>
				<key>remoteRef</key>
				<string>E4328147138ABC890047C5CB</string>
				<key>sourceTree</key>
				<string>BUILT_PRODUCTS_DIR</string>
			</dict>
			<key>E4328149138ABC9F0047C5CB</key>
			<dict>
				<key>fileRef</key>
				<string>E4328148138ABC890047C5CB</string>
				<key>isa</key>
				<string>PBXBuildFile</string>
			</dict>
			<key>E4B69B4A0A3A1720003C02F2</key>
			<dict>
				<key>children</key>
				<array>
					<string>E4B6FCAD0C3E899E008CF71C</string>
					<string>E4EB6923138AFD0F00A09F29</string>
					<string>E4B69E1C0A3A1BDC003C02F2</string>
					<string>E4EEC9E9138DF44700A80321</string>
					<string>BB4B014C10F69532006C3DED</string>
					<string>6948EE371B920CB800B5AC1A</string>
					<string>E4B69B5B0A3A1756003C02F2</string>
				</array>
				<key>isa</key>
				<string>PBXGroup</string>
				<key>sourceTree</key>
				<string>&lt;group&gt;</string>
			</dict>
			<key>E4B69B4C0A3A1720003C02F2</key>
			<dict>
				<key>attributes</key>
				<dict>
					<key>LastUpgradeCheck</key>
					<string>0600</string>
				</dict>
				<key>buildConfigurationList</key>
				<string>E4B69B4D0A3A1720003C02F2</string>
				<key>compatibilityVersion</key>
				<string>Xcode 3.2</string>
				<key>developmentRegion</key>
				<string>English</string>
				<key>hasScannedForEncodings</key>
				<string>0</string>
				<key>isa</key>
				<string>PBXProject</string>
				<key>knownRegions</key>
				<array>
					<string>English</string>
					<string>Japanese</string>
					<string>French</string>
					<string>German</string>
				</array>
				<key>mainGroup</key>
				<string>E4B69B4A0A3A1720003C02F2</string>
				<key>productRefGroup</key>
				<string>E4B69B4A0A3A1720003C02F2</string>
				<key>projectDirPath</key>
				<string />
				<key>projectReferences</key>
				<array>
					<dict>
						<key>ProductGroup</key>
						<string>E4328144138ABC890047C5CB</string>
						<key>ProjectRef</key>
						<string>E4328143138ABC890047C5CB</string>
					</dict>
				</array>
				<key>projectRoot</key>
				<string />
				<key>targets</key>
				<array>
					<string>E4B69B5A0A3A1756003C02F2</string>
				</array>
			</dict>
			<key>E4B69B4D0A3A1720003C02F2</key>
			<dict>
				<key>buildConfigurations</key>
				<array>
					<string>E4B69B4E0A3A1720003C02F2</string>
					<string>E4B69B4F0A3A1720003C02F2</string>
					<string>99FA3DBB1C7456C400CFA0EE</string>
				</array>
				<key>defaultConfigurationIsVisible</key>
				<string>0</string>
				<key>defaultConfigurationName</key>
				<string>Release</string>
				<key>isa</key>
				<string>XCConfigurationList</string>
			</dict>
			<key>E4B69B4E0A3A1720003C02F2</key>
			<dict>
				<key>baseConfigurationReference</key>
				<string>E4EB6923138AFD0F00A09F29</string>
				<key>buildSettings</key>
				<dict>
					<key>OTHER_LDFLAGS</key>
					<array>
						<string>$(OF_CORE_FRAMEWORKS) $(OF_CORE_LIBS)</string>
						<string>../../openFrameworks/addons/ofxLibwebsockets/libs/libwebsockets/lib/osx/libwebsockets.a</string>
					</array>
					<key>HEADER_SEARCH_PATHS</key>
					<array>
						<string>$(OF_CORE_HEADERS)</string>
						<string>../../openFrameworks/addons/ofxImGui/libs</string>
						<string>../../openFrameworks/addons/ofxImGui/libs/imgui</string>
						<string>../../openFrameworks/addons/ofxImGui/libs/imgui/src</string>
						<string>../../openFrameworks/addons/ofxImGui/src</string>
						<string>../../openFrameworks/addons/ofxLibwebsockets/libs/jsoncpp</string>
						<string>../../openFrameworks/addons/ofxLibwebsockets/libs/jsoncpp/json</string>
						<string>../../openFrameworks/addons/ofxLibwebsockets/libs/libwebsockets/include/</string>
						<string>../../openFrameworks/addons/ofxLibwebsockets/libs/ofxLibwebsockets/include</string>
						<string>../../openFrameworks/addons/ofxLibwebsockets/libs/ofxLibwebsockets/include/ofxLibwebsockets</string>
						<string>../../openFrameworks/addons/ofxLibwebsockets/libs/ofxLibwebsockets/src</string>
						<string>../../openFrameworks/addons/ofxLibwebsockets/src</string>
						<string>../../openFrameworks/addons/ofxMidi/libs</string>
						<string>../../openFrameworks/addons/ofxMidi/libs/pgmidi</string>
						<string>../../openFrameworks/addons/ofxMidi/libs/rtmidi</string>
						<string>../../openFrameworks/addons/ofxMidi/src</string>
						<string>../../openFrameworks/addons/ofxMidi/src/desktop</string>
						<string>../../openFrameworks/addons/ofxMidi/src/ios</string>
						<string>../../openFrameworks/addons/ofxTextInputField/src</string>
						<string>../../openFrameworks/addons/ofxXmlSettings/libs</string>
						<string>../../openFrameworks/addons/ofxXmlSettings/src</string>
					</array>
					<key>CONFIGURATION_BUILD_DIR</key>
					<string>$(SRCROOT)/bin/</string>
					<key>COPY_PHASE_STRIP</key>
					<string>NO</string>
					<key>DEAD_CODE_STRIPPING</key>
					<string>YES</string>
					<key>GCC_AUTO_VECTORIZATION</key>
					<string>YES</string>
					<key>GCC_ENABLE_SSE3_EXTENSIONS</key>
					<string>YES</string>
					<key>GCC_ENABLE_SUPPLEMENTAL_SSE3_INSTRUCTIONS</key>
					<string>YES</string>
					<key>GCC_INLINES_ARE_PRIVATE_EXTERN</key>
					<string>NO</string>
					<key>GCC_OPTIMIZATION_LEVEL</key>
					<string>0</string>
					<key>GCC_SYMBOLS_PRIVATE_EXTERN</key>
					<string>NO</string>
					<key>GCC_WARN_ABOUT_DEPRECATED_FUNCTIONS</key>
					<string>YES</string>
					<key>GCC_WARN_ABOUT_INVALID_OFFSETOF_MACRO</key>
					<string>NO</string>
					<key>GCC_WARN_ALLOW_INCOMPLETE_PROTOCOL</key>
					<string>NO</string>
					<key>GCC_WARN_UNINITIALIZED_AUTOS</key>
					<string>NO</string>
					<key>GCC_WARN_UNUSED_VALUE</key>
					<string>NO</string>
					<key>GCC_WARN_UNUSED_VARIABLE</key>
					<string>NO</string>
					<key>MACOSX_DEPLOYMENT_TARGET</key>
					<string>10.8</string>
					<key>ONLY_ACTIVE_ARCH</key>
					<string>YES</string>
					<key>OTHER_CPLUSPLUSFLAGS</key>
					<array>
						<string>-D__MACOSX_CORE__</string>
						<string>-mtune=native</string>
					</array>
					<key>SDKROOT</key>
					<string>macosx</string>
				</dict>
				<key>isa</key>
				<string>XCBuildConfiguration</string>
				<key>name</key>
				<string>Debug</string>
			</dict>
			<key>E4B69B4F0A3A1720003C02F2</key>
			<dict>
				<key>baseConfigurationReference</key>
				<string>E4EB6923138AFD0F00A09F29</string>
				<key>buildSettings</key>
				<dict>
					<key>OTHER_LDFLAGS</key>
					<array>
						<string>$(OF_CORE_FRAMEWORKS) $(OF_CORE_LIBS)</string>
						<string>../../openFrameworks/addons/ofxLibwebsockets/libs/libwebsockets/lib/osx/libwebsockets.a</string>
					</array>
					<key>HEADER_SEARCH_PATHS</key>
					<array>
						<string>$(OF_CORE_HEADERS)</string>
						<string>../../openFrameworks/addons/ofxImGui/libs</string>
						<string>../../openFrameworks/addons/ofxImGui/libs/imgui</string>
						<string>../../openFrameworks/addons/ofxImGui/libs/imgui/src</string>
						<string>../../openFrameworks/addons/ofxImGui/src</string>
						<string>../../openFrameworks/addons/ofxLibwebsockets/libs/jsoncpp</string>
						<string>../../openFrameworks/addons/ofxLibwebsockets/libs/jsoncpp/json</string>
						<string>../../openFrameworks/addons/ofxLibwebsockets/libs/libwebsockets/include/</string>
						<string>../../openFrameworks/addons/ofxLibwebsockets/libs/ofxLibwebsockets/include</string>
						<string>../../openFrameworks/addons/ofxLibwebsockets/libs/ofxLibwebsockets/include/ofxLibwebsockets</string>
						<string>../../openFrameworks/addons/ofxLibwebsockets/libs/ofxLibwebsockets/src</string>
						<string>../../openFrameworks/addons/ofxLibwebsockets/src</string>
						<string>../../openFrameworks/addons/ofxMidi/libs</string>
						<string>../../openFrameworks/addons/ofxMidi/libs/pgmidi</string>
						<string>../../openFrameworks/addons/ofxMidi/libs/rtmidi</string>
						<string>../../openFrameworks/addons/ofxMidi/src</string>
						<string>../../openFrameworks/addons/ofxMidi/src/desktop</string>
						<string>../../openFrameworks/addons/ofxMidi/src/ios</string>
						<string>../../openFrameworks/addons/ofxTextInputField/src</string>
						<string>../../openFrameworks/addons/ofxXmlSettings/libs</string>
						<string>../../openFrameworks/addons/ofxXmlSettings/src</string>
					</array>
					<key>CONFIGURATION_BUILD_DIR</key>
					<string>$(SRCROOT)/bin/</string>
					<key>COPY_PHASE_STRIP</key>
					<string>YES</string>
					<key>DEAD_CODE_STRIPPING</key>
					<string>YES</string>
					<key>GCC_AUTO_VECTORIZATION</key>
					<string>YES</string>
					<key>GCC_ENABLE_SSE3_EXTENSIONS</key>
					<string>YES</string>
					<key>GCC_ENABLE_SUPPLEMENTAL_SSE3_INSTRUCTIONS</key>
					<string>YES</string>
					<key>GCC_INLINES_ARE_PRIVATE_EXTERN</key>
					<string>NO</string>
					<key>GCC_OPTIMIZATION_LEVEL</key>
					<string>3</string>
					<key>GCC_SYMBOLS_PRIVATE_EXTERN</key>
					<string>NO</string>
					<key>GCC_UNROLL_LOOPS</key>
					<string>YES</string>
					<key>GCC_WARN_ABOUT_DEPRECATED_FUNCTIONS</key>
					<string>YES</string>
					<key>GCC_WARN_ABOUT_INVALID_OFFSETOF_MACRO</key>
					<string>NO</string>
					<key>GCC_WARN_ALLOW_INCOMPLETE_PROTOCOL</key>
					<string>NO</string>
					<key>GCC_WARN_UNINITIALIZED_AUTOS</key>
					<string>NO</string>
					<key>GCC_WARN_UNUSED_VALUE</key>
					<string>NO</string>
					<key>GCC_WARN_UNUSED_VARIABLE</key>
					<string>NO</string>
					<key>MACOSX_DEPLOYMENT_TARGET</key>
					<string>10.8</string>
					<key>OTHER_CPLUSPLUSFLAGS</key>
					<array>
						<string>-D__MACOSX_CORE__</string>
						<string>-mtune=native</string>
					</array>
					<key>SDKROOT</key>
					<string>macosx</string>
				</dict>
				<key>isa</key>
				<string>XCBuildConfiguration</string>
				<key>name</key>
				<string>Release</string>
			</dict>
			<key>E4B69B580A3A1756003C02F2</key>
			<dict>
				<key>buildActionMask</key>
				<string>2147483647</string>
				<key>files</key>
				<array>
					<string>E4B69E200A3A1BDC003C02F2</string>
					<string>E4B69E210A3A1BDC003C02F2</string>
					<string>59ECC7E010D32D029BA3D1D4</string>
					<string>B2B25FCD168C556FBEC5DCE3</string>
					<string>23EC61C85342249BEEFF4A39</string>
					<string>09006F19EFF322D5FE0E2917</string>
					<string>EEC3ECCA79DC17641894EEEC</string>
					<string>9988CD0874BE766722182DB0</string>
					<string>36E65C5DBA3A817BE46CCB4B</string>
					<string>5512BCD71CE4919A3AB3D512</string>
					<string>8E00A676429FB5F08E65A2C2</string>
					<string>4082007C94B856CD67D709F7</string>
					<string>8731435A3546F52D29D73487</string>
					<string>04C834274A5B0A70422CBD1C</string>
					<string>15446CCAA7E06A5264EB910E</string>
					<string>99804DB14491758B67C26F25</string>
					<string>79B36E61CB93DFF80FEC54D6</string>
					<string>B54346913898459010CA8582</string>
					<string>402B590DB92A4EBD4AEF7879</string>
					<string>45C697F3B2EFB0FA8798FDC8</string>
					<string>FEEEE8BBF5DCD3E699478538</string>
					<string>8E1D86BF400D96182FB6E6F8</string>
					<string>0B27600A3FD28D57E5A300A8</string>
					<string>CDF6EA4FD22064751A8CA433</string>
					<string>37AAE1278531AAB62379F2BF</string>
					<string>23EE47CCA8D157EF33A955AA</string>
					<string>D5EF413FDCF6D60685042DBD</string>
					<string>2C68D3A329673D7462B5234C</string>
					<string>F09418FA2F23718DA511CD00</string>
					<string>B55EAB4BE963079B30C35A71</string>
					<string>8310AD6E522ADBA976B9F785</string>
				</array>
				<key>isa</key>
				<string>PBXSourcesBuildPhase</string>
				<key>runOnlyForDeploymentPostprocessing</key>
				<string>0</string>
			</dict>
			<key>E4B69B590A3A1756003C02F2</key>
			<dict>
				<key>buildActionMask</key>
				<string>2147483647</string>
				<key>files</key>
				<array>
					<string>E4328149138ABC9F0047C5CB</string>
					<string>631702104AFC104323A9EB79</string>
				</array>
				<key>isa</key>
				<string>PBXFrameworksBuildPhase</string>
				<key>runOnlyForDeploymentPostprocessing</key>
				<string>0</string>
			</dict>
			<key>E4B69B5A0A3A1756003C02F2</key>
			<dict>
				<key>buildConfigurationList</key>
				<string>E4B69B5F0A3A1757003C02F2</string>
				<key>buildPhases</key>
				<array>
					<string>E4B69B580A3A1756003C02F2</string>
					<string>E4B69B590A3A1756003C02F2</string>
					<string>E4B6FFFD0C3F9AB9008CF71C</string>
					<string>E4C2427710CC5ABF004149E2</string>
					<string>8466F1851C04CA0E00918B1C</string>
				</array>
				<key>buildRules</key>
				<array />
				<key>dependencies</key>
				<array>
					<string>E4EEB9AC138B136A00A80321</string>
				</array>
				<key>isa</key>
				<string>PBXNativeTarget</string>
				<key>name</key>
				<string>Videodromm-OpenFrameworks-UI</string>
				<key>productName</key>
				<string>myOFApp</string>
				<key>productReference</key>
				<string>E4B69B5B0A3A1756003C02F2</string>
				<key>productType</key>
				<string>com.apple.product-type.application</string>
			</dict>
			<key>E4B69B5B0A3A1756003C02F2</key>
			<dict>
				<key>explicitFileType</key>
				<string>wrapper.application</string>
				<key>includeInIndex</key>
				<string>0</string>
				<key>isa</key>
				<string>PBXFileReference</string>
				<key>path</key>
				<string>Videodromm-OpenFrameworks-UIDebug.app</string>
				<key>sourceTree</key>
				<string>BUILT_PRODUCTS_DIR</string>
			</dict>
			<key>E4B69B5F0A3A1757003C02F2</key>
			<dict>
				<key>buildConfigurations</key>
				<array>
					<string>E4B69B600A3A1757003C02F2</string>
					<string>E4B69B610A3A1757003C02F2</string>
					<string>99FA3DBC1C7456C400CFA0EE</string>
				</array>
				<key>defaultConfigurationIsVisible</key>
				<string>0</string>
				<key>defaultConfigurationName</key>
				<string>Release</string>
				<key>isa</key>
				<string>XCConfigurationList</string>
			</dict>
			<key>E4B69B600A3A1757003C02F2</key>
			<dict>
				<key>baseConfigurationReference</key>
				<string>E4EB6923138AFD0F00A09F29</string>
				<key>buildSettings</key>
				<dict>
					<key>OTHER_LDFLAGS</key>
					<array>
						<string>$(OF_CORE_FRAMEWORKS) $(OF_CORE_LIBS)</string>
						<string>../../openFrameworks/addons/ofxLibwebsockets/libs/libwebsockets/lib/osx/libwebsockets.a</string>
					</array>
					<key>HEADER_SEARCH_PATHS</key>
					<array>
						<string>$(OF_CORE_HEADERS)</string>
						<string>../../openFrameworks/addons/ofxImGui/libs</string>
						<string>../../openFrameworks/addons/ofxImGui/libs/imgui</string>
						<string>../../openFrameworks/addons/ofxImGui/libs/imgui/src</string>
						<string>../../openFrameworks/addons/ofxImGui/src</string>
						<string>../../openFrameworks/addons/ofxLibwebsockets/libs/jsoncpp</string>
						<string>../../openFrameworks/addons/ofxLibwebsockets/libs/jsoncpp/json</string>
						<string>../../openFrameworks/addons/ofxLibwebsockets/libs/libwebsockets/include/</string>
						<string>../../openFrameworks/addons/ofxLibwebsockets/libs/ofxLibwebsockets/include</string>
						<string>../../openFrameworks/addons/ofxLibwebsockets/libs/ofxLibwebsockets/include/ofxLibwebsockets</string>
						<string>../../openFrameworks/addons/ofxLibwebsockets/libs/ofxLibwebsockets/src</string>
						<string>../../openFrameworks/addons/ofxLibwebsockets/src</string>
						<string>../../openFrameworks/addons/ofxMidi/libs</string>
						<string>../../openFrameworks/addons/ofxMidi/libs/pgmidi</string>
						<string>../../openFrameworks/addons/ofxMidi/libs/rtmidi</string>
						<string>../../openFrameworks/addons/ofxMidi/src</string>
						<string>../../openFrameworks/addons/ofxMidi/src/desktop</string>
						<string>../../openFrameworks/addons/ofxMidi/src/ios</string>
						<string>../../openFrameworks/addons/ofxTextInputField/src</string>
						<string>../../openFrameworks/addons/ofxXmlSettings/libs</string>
						<string>../../openFrameworks/addons/ofxXmlSettings/src</string>
					</array>
					<key>COMBINE_HIDPI_IMAGES</key>
					<string>YES</string>
					<key>COPY_PHASE_STRIP</key>
					<string>NO</string>
					<key>FRAMEWORK_SEARCH_PATHS</key>
					<array>
						<string>$(inherited)</string>
						<string>$(FRAMEWORK_SEARCH_PATHS_QUOTED_FOR_TARGET_1)</string>
						<string>/System/Library/Frameworks</string>
					</array>
					<key>FRAMEWORK_SEARCH_PATHS_QUOTED_FOR_TARGET_1</key>
					<string>"$(SRCROOT)/../../openFrameworks/libs/glut/lib/osx"</string>
					<key>GCC_DYNAMIC_NO_PIC</key>
					<string>NO</string>
					<key>GCC_GENERATE_DEBUGGING_SYMBOLS</key>
					<string>YES</string>
					<key>GCC_MODEL_TUNING</key>
					<string>NONE</string>
					<key>ICON</key>
					<string>$(ICON_NAME_DEBUG)</string>
					<key>ICON_FILE</key>
					<string>$(ICON_FILE_PATH)$(ICON)</string>
					<key>INFOPLIST_FILE</key>
					<string>openFrameworks-Info.plist</string>
					<key>INSTALL_PATH</key>
					<string>/Applications</string>
					<key>LIBRARY_SEARCH_PATHS</key>
					<string>$(inherited)</string>
					<key>PRODUCT_NAME</key>
					<string>$(TARGET_NAME)Debug</string>
					<key>WRAPPER_EXTENSION</key>
					<string>app</string>
				</dict>
				<key>isa</key>
				<string>XCBuildConfiguration</string>
				<key>name</key>
				<string>Debug</string>
			</dict>
			<key>E4B69B610A3A1757003C02F2</key>
			<dict>
				<key>baseConfigurationReference</key>
				<string>E4EB6923138AFD0F00A09F29</string>
				<key>buildSettings</key>
				<dict>
					<key>OTHER_LDFLAGS</key>
					<array>
						<string>$(OF_CORE_FRAMEWORKS) $(OF_CORE_LIBS)</string>
						<string>../../openFrameworks/addons/ofxLibwebsockets/libs/libwebsockets/lib/osx/libwebsockets.a</string>
					</array>
					<key>HEADER_SEARCH_PATHS</key>
					<array>
						<string>$(OF_CORE_HEADERS)</string>
						<string>../../openFrameworks/addons/ofxImGui/libs</string>
						<string>../../openFrameworks/addons/ofxImGui/libs/imgui</string>
						<string>../../openFrameworks/addons/ofxImGui/libs/imgui/src</string>
						<string>../../openFrameworks/addons/ofxImGui/src</string>
						<string>../../openFrameworks/addons/ofxLibwebsockets/libs/jsoncpp</string>
						<string>../../openFrameworks/addons/ofxLibwebsockets/libs/jsoncpp/json</string>
						<string>../../openFrameworks/addons/ofxLibwebsockets/libs/libwebsockets/include/</string>
						<string>../../openFrameworks/addons/ofxLibwebsockets/libs/ofxLibwebsockets/include</string>
						<string>../../openFrameworks/addons/ofxLibwebsockets/libs/ofxLibwebsockets/include/ofxLibwebsockets</string>
						<string>../../openFrameworks/addons/ofxLibwebsockets/libs/ofxLibwebsockets/src</string>
						<string>../../openFrameworks/addons/ofxLibwebsockets/src</string>
						<string>../../openFrameworks/addons/ofxMidi/libs</string>
						<string>../../openFrameworks/addons/ofxMidi/libs/pgmidi</string>
						<string>../../openFrameworks/addons/ofxMidi/libs/rtmidi</string>
						<string>../../openFrameworks/addons/ofxMidi/src</string>
						<string>../../openFrameworks/addons/ofxMidi/src/desktop</string>
						<string>../../openFrameworks/addons/ofxMidi/src/ios</string>
						<string>../../openFrameworks/addons/ofxTextInputField/src</string>
						<string>../../openFrameworks/addons/ofxXmlSettings/libs</string>
						<string>../../openFrameworks/addons/ofxXmlSettings/src</string>
					</array>
					<key>COMBINE_HIDPI_IMAGES</key>
					<string>YES</string>
					<key>COPY_PHASE_STRIP</key>
					<string>YES</string>
					<key>FRAMEWORK_SEARCH_PATHS</key>
					<array>
						<string>$(inherited)</string>
						<string>$(FRAMEWORK_SEARCH_PATHS_QUOTED_FOR_TARGET_1)</string>
						<string>/System/Library/Frameworks</string>
					</array>
					<key>FRAMEWORK_SEARCH_PATHS_QUOTED_FOR_TARGET_1</key>
					<string>"$(SRCROOT)/../../openFrameworks/libs/glut/lib/osx"</string>
					<key>GCC_GENERATE_DEBUGGING_SYMBOLS</key>
					<string>YES</string>
					<key>GCC_MODEL_TUNING</key>
					<string>NONE</string>
					<key>ICON</key>
					<string>$(ICON_NAME_RELEASE)</string>
					<key>ICON_FILE</key>
					<string>$(ICON_FILE_PATH)$(ICON)</string>
					<key>INFOPLIST_FILE</key>
					<string>openFrameworks-Info.plist</string>
					<key>INSTALL_PATH</key>
					<string>/Applications</string>
					<key>LIBRARY_SEARCH_PATHS</key>
					<string>$(inherited)</string>
					<key>PRODUCT_NAME</key>
					<string>$(TARGET_NAME)</string>
					<key>WRAPPER_EXTENSION</key>
					<string>app</string>
					<key>baseConfigurationReference</key>
					<string>E4EB6923138AFD0F00A09F29</string>
				</dict>
				<key>isa</key>
				<string>XCBuildConfiguration</string>
				<key>name</key>
				<string>Release</string>
			</dict>
			<key>E4B69E1C0A3A1BDC003C02F2</key>
			<dict>
				<key>children</key>
				<array>
					<string>E4B69E1D0A3A1BDC003C02F2</string>
					<string>E4B69E1E0A3A1BDC003C02F2</string>
					<string>E4B69E1F0A3A1BDC003C02F2</string>
				</array>
				<key>isa</key>
				<string>PBXGroup</string>
				<key>path</key>
				<string>src</string>
				<key>sourceTree</key>
				<string>SOURCE_ROOT</string>
			</dict>
			<key>E4B69E1D0A3A1BDC003C02F2</key>
			<dict>
				<key>fileEncoding</key>
				<string>30</string>
				<key>isa</key>
				<string>PBXFileReference</string>
				<key>lastKnownFileType</key>
				<string>sourcecode.cpp.cpp</string>
				<key>name</key>
				<string>main.cpp</string>
				<key>path</key>
				<string>src/main.cpp</string>
				<key>sourceTree</key>
				<string>SOURCE_ROOT</string>
			</dict>
			<key>E4B69E1E0A3A1BDC003C02F2</key>
			<dict>
				<key>explicitFileType</key>
				<string>sourcecode.cpp.cpp</string>
				<key>fileEncoding</key>
				<string>30</string>
				<key>isa</key>
				<string>PBXFileReference</string>
				<key>name</key>
				<string>ofApp.cpp</string>
				<key>path</key>
				<string>src/ofApp.cpp</string>
				<key>sourceTree</key>
				<string>SOURCE_ROOT</string>
			</dict>
			<key>E4B69E1F0A3A1BDC003C02F2</key>
			<dict>
				<key>fileEncoding</key>
				<string>30</string>
				<key>isa</key>
				<string>PBXFileReference</string>
				<key>lastKnownFileType</key>
				<string>sourcecode.c.h</string>
				<key>name</key>
				<string>ofApp.h</string>
				<key>path</key>
				<string>src/ofApp.h</string>
				<key>sourceTree</key>
				<string>SOURCE_ROOT</string>
			</dict>
			<key>E4B69E200A3A1BDC003C02F2</key>
			<dict>
				<key>fileRef</key>
				<string>E4B69E1D0A3A1BDC003C02F2</string>
				<key>isa</key>
				<string>PBXBuildFile</string>
			</dict>
			<key>E4B69E210A3A1BDC003C02F2</key>
			<dict>
				<key>fileRef</key>
				<string>E4B69E1E0A3A1BDC003C02F2</string>
				<key>isa</key>
				<string>PBXBuildFile</string>
			</dict>
			<key>E4B6FCAD0C3E899E008CF71C</key>
			<dict>
				<key>fileEncoding</key>
				<string>30</string>
				<key>isa</key>
				<string>PBXFileReference</string>
				<key>lastKnownFileType</key>
				<string>text.plist.xml</string>
				<key>path</key>
				<string>openFrameworks-Info.plist</string>
				<key>sourceTree</key>
				<string>&lt;group&gt;</string>
			</dict>
			<key>E4B6FFFD0C3F9AB9008CF71C</key>
			<dict>
				<key>buildActionMask</key>
				<string>2147483647</string>
				<key>files</key>
				<array />
				<key>inputPaths</key>
				<array />
				<key>isa</key>
				<string>PBXShellScriptBuildPhase</string>
				<key>outputPaths</key>
				<array />
				<key>runOnlyForDeploymentPostprocessing</key>
				<string>0</string>
				<key>shellPath</key>
				<string>/bin/sh</string>
				<key>shellScript</key>
				<string>mkdir -p "$TARGET_BUILD_DIR/$PRODUCT_NAME.app/Contents/Resources/"
# Copy default icon file into App/Resources
rsync -aved "$ICON_FILE" "$TARGET_BUILD_DIR/$PRODUCT_NAME.app/Contents/Resources/"
# Copy libfmod and change install directory for fmod to run
rsync -aved ../../openFrameworks/libs/fmodex/lib/osx/libfmodex.dylib "$TARGET_BUILD_DIR/$PRODUCT_NAME.app/Contents/Frameworks/";
install_name_tool -change @executable_path/libfmodex.dylib @executable_path/../Frameworks/libfmodex.dylib "$TARGET_BUILD_DIR/$PRODUCT_NAME.app/Contents/MacOS/$PRODUCT_NAME";

echo "$GCC_PREPROCESSOR_DEFINITIONS";
APPSTORE=`expr "$GCC_PREPROCESSOR_DEFINITIONS" : ".*APPSTORE=\([0-9]*\)"`
if [ -z "${APPSTORE}" ] ; then
echo "Copying GLUT framework";
# Copy GLUT framework (must remove for AppStore submissions)
rsync -aved ../../openFrameworks/libs/glut/lib/osx/GLUT.framework "$TARGET_BUILD_DIR/$PRODUCT_NAME.app/Contents/Frameworks/"
else
echo "Not including GLUT";
fi
</string>
			</dict>
			<key>E4C2427710CC5ABF004149E2</key>
			<dict>
				<key>buildActionMask</key>
				<string>2147483647</string>
				<key>dstPath</key>
				<string />
				<key>dstSubfolderSpec</key>
				<string>10</string>
				<key>files</key>
				<array />
				<key>isa</key>
				<string>PBXCopyFilesBuildPhase</string>
				<key>runOnlyForDeploymentPostprocessing</key>
				<string>0</string>
			</dict>
			<key>E4EB691F138AFCF100A09F29</key>
			<dict>
				<key>fileEncoding</key>
				<string>4</string>
				<key>isa</key>
				<string>PBXFileReference</string>
				<key>lastKnownFileType</key>
				<string>text.xcconfig</string>
				<key>name</key>
				<string>CoreOF.xcconfig</string>
				<key>path</key>
				<string>../../openFrameworks/libs/openFrameworksCompiled/project/osx/CoreOF.xcconfig</string>
				<key>sourceTree</key>
				<string>SOURCE_ROOT</string>
			</dict>
			<key>E4EB6923138AFD0F00A09F29</key>
			<dict>
				<key>fileEncoding</key>
				<string>4</string>
				<key>isa</key>
				<string>PBXFileReference</string>
				<key>lastKnownFileType</key>
				<string>text.xcconfig</string>
				<key>path</key>
				<string>Project.xcconfig</string>
				<key>sourceTree</key>
				<string>&lt;group&gt;</string>
			</dict>
			<key>E4EEB9AB138B136A00A80321</key>
			<dict>
				<key>containerPortal</key>
				<string>E4328143138ABC890047C5CB</string>
				<key>isa</key>
				<string>PBXContainerItemProxy</string>
				<key>proxyType</key>
				<string>1</string>
				<key>remoteGlobalIDString</key>
				<string>E4B27C1410CBEB8E00536013</string>
				<key>remoteInfo</key>
				<string>openFrameworks</string>
			</dict>
			<key>E4EEB9AC138B136A00A80321</key>
			<dict>
				<key>isa</key>
				<string>PBXTargetDependency</string>
				<key>name</key>
				<string>openFrameworks</string>
				<key>targetProxy</key>
				<string>E4EEB9AB138B136A00A80321</string>
			</dict>
			<key>E4EEC9E9138DF44700A80321</key>
			<dict>
				<key>children</key>
				<array>
					<string>E4EB691F138AFCF100A09F29</string>
					<string>E4328143138ABC890047C5CB</string>
				</array>
				<key>isa</key>
				<string>PBXGroup</string>
				<key>name</key>
				<string>openFrameworks</string>
				<key>sourceTree</key>
				<string>&lt;group&gt;</string>
			</dict>
		</dict>
		<key>rootObject</key>
		<string>E4B69B4C0A3A1720003C02F2</string>
	</dict>
</plist>
